// !$*UTF8*$!
{
	archiveVersion = 1;
	classes = {
	};
	objectVersion = 46;
	objects = {

/* Begin PBXBuildFile section */
		2DEEA6334C07567D19DDC5AE /* Pods_Kilargo.framework in Frameworks */ = {isa = PBXBuildFile; fileRef = 1ADDCC55E4B28B70EE86DA00 /* Pods_Kilargo.framework */; };
		753D11EC1D91FE0200AEA7D3 /* logo_banner.png in Resources */ = {isa = PBXBuildFile; fileRef = 753D11E91D91FE0200AEA7D3 /* logo_banner.png */; };
		753D11ED1D91FE0200AEA7D3 /* logo_banner@2x.png in Resources */ = {isa = PBXBuildFile; fileRef = 753D11EA1D91FE0200AEA7D3 /* logo_banner@2x.png */; };
		753D11EE1D91FE0200AEA7D3 /* logo_banner@3x.png in Resources */ = {isa = PBXBuildFile; fileRef = 753D11EB1D91FE0200AEA7D3 /* logo_banner@3x.png */; };
		757C7D4A1D99D5FD00152866 /* HomeViewController.swift in Sources */ = {isa = PBXBuildFile; fileRef = 757C7D491D99D5FD00152866 /* HomeViewController.swift */; };
		757C7D4C1D99DA8700152866 /* UIView+Rounded.swift in Sources */ = {isa = PBXBuildFile; fileRef = 757C7D4B1D99DA8700152866 /* UIView+Rounded.swift */; };
		75C95AB51D975FA500A613A7 /* BaseViewController.swift in Sources */ = {isa = PBXBuildFile; fileRef = 75C95AB41D975FA500A613A7 /* BaseViewController.swift */; };
		8821EC891D52E79A0092F1CC /* UIButton.swift in Sources */ = {isa = PBXBuildFile; fileRef = 8821EC881D52E79A0092F1CC /* UIButton.swift */; };
		8831B8B71D2B768B00F96C55 /* UIApplicationExtension.swift in Sources */ = {isa = PBXBuildFile; fileRef = 8831B8B01D2B768B00F96C55 /* UIApplicationExtension.swift */; };
		8831B8B81D2B768B00F96C55 /* UIColorExtension.swift in Sources */ = {isa = PBXBuildFile; fileRef = 8831B8B11D2B768B00F96C55 /* UIColorExtension.swift */; };
		8831B8BB1D2B768B00F96C55 /* UITableViewExtension.swift in Sources */ = {isa = PBXBuildFile; fileRef = 8831B8B41D2B768B00F96C55 /* UITableViewExtension.swift */; };
		8831B8C31D2B769F00F96C55 /* ExSlideMenuController.swift in Sources */ = {isa = PBXBuildFile; fileRef = 8831B8BE1D2B769F00F96C55 /* ExSlideMenuController.swift */; };
		8831B8C41D2B769F00F96C55 /* AboutViewController.swift in Sources */ = {isa = PBXBuildFile; fileRef = 8831B8BF1D2B769F00F96C55 /* AboutViewController.swift */; };
		8831B8C71D2B769F00F96C55 /* SettingViewController.swift in Sources */ = {isa = PBXBuildFile; fileRef = 8831B8C21D2B769F00F96C55 /* SettingViewController.swift */; };
		8831B8C91D2B76B000F96C55 /* StringExtension.swift in Sources */ = {isa = PBXBuildFile; fileRef = 8831B8C81D2B76B000F96C55 /* StringExtension.swift */; };
		8831B8CB1D2B76E600F96C55 /* LeftViewController.swift in Sources */ = {isa = PBXBuildFile; fileRef = 8831B8CA1D2B76E600F96C55 /* LeftViewController.swift */; };
		8831B8CF1D2B770B00F96C55 /* LeftTableViewCell.swift in Sources */ = {isa = PBXBuildFile; fileRef = 8831B8CC1D2B770B00F96C55 /* LeftTableViewCell.swift */; };
		8831B8D71D2B7A9F00F96C55 /* UIViewControllerExtension.swift in Sources */ = {isa = PBXBuildFile; fileRef = 8831B8D61D2B7A9F00F96C55 /* UIViewControllerExtension.swift */; };
		8833A9AB1CCEF1C3002E9084 /* SubViewController.swift in Sources */ = {isa = PBXBuildFile; fileRef = 8833A9AA1CCEF1C3002E9084 /* SubViewController.swift */; };
		8833A9B11CCF1FAC002E9084 /* Reveal.framework in Frameworks */ = {isa = PBXBuildFile; fileRef = 8833A9B01CCF1FAC002E9084 /* Reveal.framework */; };
		88410B031CCB7BF9004752C9 /* ProductViewController.swift in Sources */ = {isa = PBXBuildFile; fileRef = 88410B021CCB7BF9004752C9 /* ProductViewController.swift */; };
		88410B051CCD79DD004752C9 /* ProductDesViewController.swift in Sources */ = {isa = PBXBuildFile; fileRef = 88410B041CCD79DD004752C9 /* ProductDesViewController.swift */; };
		8843FB0F1D52C06C00BB5DD2 /* SearchResultCell.xib in Resources */ = {isa = PBXBuildFile; fileRef = 8843FB0E1D52C06C00BB5DD2 /* SearchResultCell.xib */; };
		8843FB131D52C0B200BB5DD2 /* SearchResultCell.swift in Sources */ = {isa = PBXBuildFile; fileRef = 8843FB121D52C0B200BB5DD2 /* SearchResultCell.swift */; };
		8866FFBC1CD17441000C3336 /* SearchResultViewController.swift in Sources */ = {isa = PBXBuildFile; fileRef = 8866FFBB1CD17441000C3336 /* SearchResultViewController.swift */; };
		8880177D1CCF4068000F1023 /* Global.swift in Sources */ = {isa = PBXBuildFile; fileRef = 8880177C1CCF4068000F1023 /* Global.swift */; };
		8880177F1CCF4189000F1023 /* Menu.swift in Sources */ = {isa = PBXBuildFile; fileRef = 8880177E1CCF4189000F1023 /* Menu.swift */; };
		888017811CCF4190000F1023 /* SubMenu.swift in Sources */ = {isa = PBXBuildFile; fileRef = 888017801CCF4190000F1023 /* SubMenu.swift */; };
		888017831CCF4199000F1023 /* Product.swift in Sources */ = {isa = PBXBuildFile; fileRef = 888017821CCF4199000F1023 /* Product.swift */; };
		888017851CCF4368000F1023 /* JsonFetcher.swift in Sources */ = {isa = PBXBuildFile; fileRef = 888017841CCF4368000F1023 /* JsonFetcher.swift */; };
		88B301B81CCA00F200A69685 /* AppDelegate.swift in Sources */ = {isa = PBXBuildFile; fileRef = 88B301B71CCA00F200A69685 /* AppDelegate.swift */; };
		88B301BA1CCA00F200A69685 /* MainViewController.swift in Sources */ = {isa = PBXBuildFile; fileRef = 88B301B91CCA00F200A69685 /* MainViewController.swift */; };
		88B301BD1CCA00F200A69685 /* Main.storyboard in Resources */ = {isa = PBXBuildFile; fileRef = 88B301BB1CCA00F200A69685 /* Main.storyboard */; };
		88B301BF1CCA00F200A69685 /* Assets.xcassets in Resources */ = {isa = PBXBuildFile; fileRef = 88B301BE1CCA00F200A69685 /* Assets.xcassets */; };
		88B301C21CCA00F200A69685 /* LaunchScreen.storyboard in Resources */ = {isa = PBXBuildFile; fileRef = 88B301C01CCA00F200A69685 /* LaunchScreen.storyboard */; };
		88B301CD1CCA00F200A69685 /* KilargoTests.swift in Sources */ = {isa = PBXBuildFile; fileRef = 88B301CC1CCA00F200A69685 /* KilargoTests.swift */; };
		88B301D81CCA00F200A69685 /* KilargoUITests.swift in Sources */ = {isa = PBXBuildFile; fileRef = 88B301D71CCA00F200A69685 /* KilargoUITests.swift */; };
		88C5EFC61CD9D7CE00E763D0 /* CarouselImageViewController.swift in Sources */ = {isa = PBXBuildFile; fileRef = 88C5EFC51CD9D7CE00E763D0 /* CarouselImageViewController.swift */; };
		88C5EFC81CD9D96900E763D0 /* CarouselCollectionViewCell.swift in Sources */ = {isa = PBXBuildFile; fileRef = 88C5EFC71CD9D96900E763D0 /* CarouselCollectionViewCell.swift */; };
		88E3DEDC1CD02DC30098F934 /* MenuItemCell.swift in Sources */ = {isa = PBXBuildFile; fileRef = 88E3DEDA1CD02DC30098F934 /* MenuItemCell.swift */; };
		88E3DEDD1CD02DC30098F934 /* SubMenuItemCell.swift in Sources */ = {isa = PBXBuildFile; fileRef = 88E3DEDB1CD02DC30098F934 /* SubMenuItemCell.swift */; };
		88F533481CD8348A00B37DB5 /* PullToRefreshBeatAnimator.swift in Sources */ = {isa = PBXBuildFile; fileRef = 88F533471CD8348A00B37DB5 /* PullToRefreshBeatAnimator.swift */; };
		ACC16B3F071A61A2A19E60F6 /* Pods_KilargoTests.framework in Frameworks */ = {isa = PBXBuildFile; fileRef = 06E2D2AAA5FD7494B4E693B7 /* Pods_KilargoTests.framework */; };
		E2988116BC7F5CB58B470208 /* Pods_KilargoUITests.framework in Frameworks */ = {isa = PBXBuildFile; fileRef = B0C758B5B3C0A5464A8D98E4 /* Pods_KilargoUITests.framework */; };
/* End PBXBuildFile section */

/* Begin PBXContainerItemProxy section */
		88B301C91CCA00F200A69685 /* PBXContainerItemProxy */ = {
			isa = PBXContainerItemProxy;
			containerPortal = 88B301AC1CCA00F200A69685 /* Project object */;
			proxyType = 1;
			remoteGlobalIDString = 88B301B31CCA00F200A69685;
			remoteInfo = Kilargo;
		};
		88B301D41CCA00F200A69685 /* PBXContainerItemProxy */ = {
			isa = PBXContainerItemProxy;
			containerPortal = 88B301AC1CCA00F200A69685 /* Project object */;
			proxyType = 1;
			remoteGlobalIDString = 88B301B31CCA00F200A69685;
			remoteInfo = Kilargo;
		};
/* End PBXContainerItemProxy section */

/* Begin PBXFileReference section */
		06E2D2AAA5FD7494B4E693B7 /* Pods_KilargoTests.framework */ = {isa = PBXFileReference; explicitFileType = wrapper.framework; includeInIndex = 0; path = Pods_KilargoTests.framework; sourceTree = BUILT_PRODUCTS_DIR; };
		12CF7893958F38D8A2480B5E /* Pods-KilargoTests.debug.xcconfig */ = {isa = PBXFileReference; includeInIndex = 1; lastKnownFileType = text.xcconfig; name = "Pods-KilargoTests.debug.xcconfig"; path = "Pods/Target Support Files/Pods-KilargoTests/Pods-KilargoTests.debug.xcconfig"; sourceTree = "<group>"; };
		166FC1EF2F69982C0D7864AE /* Pods-KilargoTests.release.xcconfig */ = {isa = PBXFileReference; includeInIndex = 1; lastKnownFileType = text.xcconfig; name = "Pods-KilargoTests.release.xcconfig"; path = "Pods/Target Support Files/Pods-KilargoTests/Pods-KilargoTests.release.xcconfig"; sourceTree = "<group>"; };
		1ADDCC55E4B28B70EE86DA00 /* Pods_Kilargo.framework */ = {isa = PBXFileReference; explicitFileType = wrapper.framework; includeInIndex = 0; path = Pods_Kilargo.framework; sourceTree = BUILT_PRODUCTS_DIR; };
		4D9D5D3F2185D2C45C0E7822 /* Pods-Kilargo.debug.xcconfig */ = {isa = PBXFileReference; includeInIndex = 1; lastKnownFileType = text.xcconfig; name = "Pods-Kilargo.debug.xcconfig"; path = "Pods/Target Support Files/Pods-Kilargo/Pods-Kilargo.debug.xcconfig"; sourceTree = "<group>"; };
		61214CCBD4CCEBB90AB94E54 /* Pods-Kilargo.release.xcconfig */ = {isa = PBXFileReference; includeInIndex = 1; lastKnownFileType = text.xcconfig; name = "Pods-Kilargo.release.xcconfig"; path = "Pods/Target Support Files/Pods-Kilargo/Pods-Kilargo.release.xcconfig"; sourceTree = "<group>"; };
		732088808652BFACC69DB41B /* Pods-KilargoUITests.release.xcconfig */ = {isa = PBXFileReference; includeInIndex = 1; lastKnownFileType = text.xcconfig; name = "Pods-KilargoUITests.release.xcconfig"; path = "Pods/Target Support Files/Pods-KilargoUITests/Pods-KilargoUITests.release.xcconfig"; sourceTree = "<group>"; };
		753D11E91D91FE0200AEA7D3 /* logo_banner.png */ = {isa = PBXFileReference; lastKnownFileType = image.png; path = logo_banner.png; sourceTree = "<group>"; };
		753D11EA1D91FE0200AEA7D3 /* logo_banner@2x.png */ = {isa = PBXFileReference; lastKnownFileType = image.png; path = "logo_banner@2x.png"; sourceTree = "<group>"; };
		753D11EB1D91FE0200AEA7D3 /* logo_banner@3x.png */ = {isa = PBXFileReference; lastKnownFileType = image.png; path = "logo_banner@3x.png"; sourceTree = "<group>"; };
		757C7D491D99D5FD00152866 /* HomeViewController.swift */ = {isa = PBXFileReference; fileEncoding = 4; lastKnownFileType = sourcecode.swift; path = HomeViewController.swift; sourceTree = "<group>"; };
		757C7D4B1D99DA8700152866 /* UIView+Rounded.swift */ = {isa = PBXFileReference; fileEncoding = 4; lastKnownFileType = sourcecode.swift; name = "UIView+Rounded.swift"; path = "Kilargo/UIView+Rounded.swift"; sourceTree = "<group>"; };
		75C95AB41D975FA500A613A7 /* BaseViewController.swift */ = {isa = PBXFileReference; fileEncoding = 4; lastKnownFileType = sourcecode.swift; path = BaseViewController.swift; sourceTree = "<group>"; };
		8821EC881D52E79A0092F1CC /* UIButton.swift */ = {isa = PBXFileReference; fileEncoding = 4; lastKnownFileType = sourcecode.swift; name = UIButton.swift; path = Kilargo/UIButton.swift; sourceTree = "<group>"; };
		8831B8B01D2B768B00F96C55 /* UIApplicationExtension.swift */ = {isa = PBXFileReference; fileEncoding = 4; lastKnownFileType = sourcecode.swift; path = UIApplicationExtension.swift; sourceTree = "<group>"; };
		8831B8B11D2B768B00F96C55 /* UIColorExtension.swift */ = {isa = PBXFileReference; fileEncoding = 4; lastKnownFileType = sourcecode.swift; path = UIColorExtension.swift; sourceTree = "<group>"; };
		8831B8B41D2B768B00F96C55 /* UITableViewExtension.swift */ = {isa = PBXFileReference; fileEncoding = 4; lastKnownFileType = sourcecode.swift; path = UITableViewExtension.swift; sourceTree = "<group>"; };
		8831B8BE1D2B769F00F96C55 /* ExSlideMenuController.swift */ = {isa = PBXFileReference; fileEncoding = 4; lastKnownFileType = sourcecode.swift; path = ExSlideMenuController.swift; sourceTree = "<group>"; };
		8831B8BF1D2B769F00F96C55 /* AboutViewController.swift */ = {isa = PBXFileReference; fileEncoding = 4; lastKnownFileType = sourcecode.swift; path = AboutViewController.swift; sourceTree = "<group>"; };
		8831B8C21D2B769F00F96C55 /* SettingViewController.swift */ = {isa = PBXFileReference; fileEncoding = 4; lastKnownFileType = sourcecode.swift; path = SettingViewController.swift; sourceTree = "<group>"; };
		8831B8C81D2B76B000F96C55 /* StringExtension.swift */ = {isa = PBXFileReference; fileEncoding = 4; lastKnownFileType = sourcecode.swift; path = StringExtension.swift; sourceTree = "<group>"; };
		8831B8CA1D2B76E600F96C55 /* LeftViewController.swift */ = {isa = PBXFileReference; fileEncoding = 4; lastKnownFileType = sourcecode.swift; path = LeftViewController.swift; sourceTree = "<group>"; };
		8831B8CC1D2B770B00F96C55 /* LeftTableViewCell.swift */ = {isa = PBXFileReference; fileEncoding = 4; lastKnownFileType = sourcecode.swift; name = LeftTableViewCell.swift; path = Kilargo/LeftTableViewCell.swift; sourceTree = "<group>"; };
		8831B8D61D2B7A9F00F96C55 /* UIViewControllerExtension.swift */ = {isa = PBXFileReference; fileEncoding = 4; lastKnownFileType = sourcecode.swift; path = UIViewControllerExtension.swift; sourceTree = "<group>"; };
		8833A9AA1CCEF1C3002E9084 /* SubViewController.swift */ = {isa = PBXFileReference; fileEncoding = 4; lastKnownFileType = sourcecode.swift; path = SubViewController.swift; sourceTree = "<group>"; };
		8833A9B01CCF1FAC002E9084 /* Reveal.framework */ = {isa = PBXFileReference; lastKnownFileType = wrapper.framework; path = Reveal.framework; sourceTree = "<group>"; };
		88410B021CCB7BF9004752C9 /* ProductViewController.swift */ = {isa = PBXFileReference; fileEncoding = 4; lastKnownFileType = sourcecode.swift; path = ProductViewController.swift; sourceTree = "<group>"; };
		88410B041CCD79DD004752C9 /* ProductDesViewController.swift */ = {isa = PBXFileReference; fileEncoding = 4; lastKnownFileType = sourcecode.swift; path = ProductDesViewController.swift; sourceTree = "<group>"; };
		8843FB0E1D52C06C00BB5DD2 /* SearchResultCell.xib */ = {isa = PBXFileReference; fileEncoding = 4; lastKnownFileType = file.xib; name = SearchResultCell.xib; path = Kilargo/SearchResultCell.xib; sourceTree = "<group>"; };
		8843FB121D52C0B200BB5DD2 /* SearchResultCell.swift */ = {isa = PBXFileReference; fileEncoding = 4; lastKnownFileType = sourcecode.swift; path = SearchResultCell.swift; sourceTree = "<group>"; };
		8866FFBB1CD17441000C3336 /* SearchResultViewController.swift */ = {isa = PBXFileReference; fileEncoding = 4; lastKnownFileType = sourcecode.swift; path = SearchResultViewController.swift; sourceTree = "<group>"; };
		8880177C1CCF4068000F1023 /* Global.swift */ = {isa = PBXFileReference; fileEncoding = 4; lastKnownFileType = sourcecode.swift; path = Global.swift; sourceTree = "<group>"; };
		8880177E1CCF4189000F1023 /* Menu.swift */ = {isa = PBXFileReference; fileEncoding = 4; lastKnownFileType = sourcecode.swift; path = Menu.swift; sourceTree = "<group>"; };
		888017801CCF4190000F1023 /* SubMenu.swift */ = {isa = PBXFileReference; fileEncoding = 4; lastKnownFileType = sourcecode.swift; path = SubMenu.swift; sourceTree = "<group>"; };
		888017821CCF4199000F1023 /* Product.swift */ = {isa = PBXFileReference; fileEncoding = 4; lastKnownFileType = sourcecode.swift; path = Product.swift; sourceTree = "<group>"; };
		888017841CCF4368000F1023 /* JsonFetcher.swift */ = {isa = PBXFileReference; fileEncoding = 4; lastKnownFileType = sourcecode.swift; path = JsonFetcher.swift; sourceTree = "<group>"; };
		88B301B41CCA00F200A69685 /* Kilargo.app */ = {isa = PBXFileReference; explicitFileType = wrapper.application; includeInIndex = 0; path = Kilargo.app; sourceTree = BUILT_PRODUCTS_DIR; };
		88B301B71CCA00F200A69685 /* AppDelegate.swift */ = {isa = PBXFileReference; lastKnownFileType = sourcecode.swift; path = AppDelegate.swift; sourceTree = "<group>"; };
		88B301B91CCA00F200A69685 /* MainViewController.swift */ = {isa = PBXFileReference; lastKnownFileType = sourcecode.swift; path = MainViewController.swift; sourceTree = "<group>"; };
		88B301BC1CCA00F200A69685 /* Base */ = {isa = PBXFileReference; lastKnownFileType = file.storyboard; name = Base; path = Base.lproj/Main.storyboard; sourceTree = "<group>"; };
		88B301BE1CCA00F200A69685 /* Assets.xcassets */ = {isa = PBXFileReference; lastKnownFileType = folder.assetcatalog; path = Assets.xcassets; sourceTree = "<group>"; };
		88B301C11CCA00F200A69685 /* Base */ = {isa = PBXFileReference; lastKnownFileType = file.storyboard; name = Base; path = Base.lproj/LaunchScreen.storyboard; sourceTree = "<group>"; };
		88B301C31CCA00F200A69685 /* Info.plist */ = {isa = PBXFileReference; lastKnownFileType = text.plist.xml; path = Info.plist; sourceTree = "<group>"; };
		88B301C81CCA00F200A69685 /* KilargoTests.xctest */ = {isa = PBXFileReference; explicitFileType = wrapper.cfbundle; includeInIndex = 0; path = KilargoTests.xctest; sourceTree = BUILT_PRODUCTS_DIR; };
		88B301CC1CCA00F200A69685 /* KilargoTests.swift */ = {isa = PBXFileReference; lastKnownFileType = sourcecode.swift; path = KilargoTests.swift; sourceTree = "<group>"; };
		88B301CE1CCA00F200A69685 /* Info.plist */ = {isa = PBXFileReference; lastKnownFileType = text.plist.xml; path = Info.plist; sourceTree = "<group>"; };
		88B301D31CCA00F200A69685 /* KilargoUITests.xctest */ = {isa = PBXFileReference; explicitFileType = wrapper.cfbundle; includeInIndex = 0; path = KilargoUITests.xctest; sourceTree = BUILT_PRODUCTS_DIR; };
		88B301D71CCA00F200A69685 /* KilargoUITests.swift */ = {isa = PBXFileReference; lastKnownFileType = sourcecode.swift; path = KilargoUITests.swift; sourceTree = "<group>"; };
		88B301D91CCA00F200A69685 /* Info.plist */ = {isa = PBXFileReference; lastKnownFileType = text.plist.xml; path = Info.plist; sourceTree = "<group>"; };
		88C5EFC51CD9D7CE00E763D0 /* CarouselImageViewController.swift */ = {isa = PBXFileReference; fileEncoding = 4; lastKnownFileType = sourcecode.swift; path = CarouselImageViewController.swift; sourceTree = "<group>"; };
		88C5EFC71CD9D96900E763D0 /* CarouselCollectionViewCell.swift */ = {isa = PBXFileReference; fileEncoding = 4; lastKnownFileType = sourcecode.swift; name = CarouselCollectionViewCell.swift; path = Kilargo/CarouselCollectionViewCell.swift; sourceTree = "<group>"; };
		88E3DEDA1CD02DC30098F934 /* MenuItemCell.swift */ = {isa = PBXFileReference; fileEncoding = 4; lastKnownFileType = sourcecode.swift; name = MenuItemCell.swift; path = Kilargo/MenuItemCell.swift; sourceTree = "<group>"; };
		88E3DEDB1CD02DC30098F934 /* SubMenuItemCell.swift */ = {isa = PBXFileReference; fileEncoding = 4; lastKnownFileType = sourcecode.swift; name = SubMenuItemCell.swift; path = Kilargo/SubMenuItemCell.swift; sourceTree = "<group>"; };
		88F533471CD8348A00B37DB5 /* PullToRefreshBeatAnimator.swift */ = {isa = PBXFileReference; fileEncoding = 4; lastKnownFileType = sourcecode.swift; name = PullToRefreshBeatAnimator.swift; path = Kilargo/PullToRefreshBeatAnimator.swift; sourceTree = "<group>"; };
		B0C758B5B3C0A5464A8D98E4 /* Pods_KilargoUITests.framework */ = {isa = PBXFileReference; explicitFileType = wrapper.framework; includeInIndex = 0; path = Pods_KilargoUITests.framework; sourceTree = BUILT_PRODUCTS_DIR; };
		C0271422E9CA5318D1FB70EF /* Pods-KilargoUITests.debug.xcconfig */ = {isa = PBXFileReference; includeInIndex = 1; lastKnownFileType = text.xcconfig; name = "Pods-KilargoUITests.debug.xcconfig"; path = "Pods/Target Support Files/Pods-KilargoUITests/Pods-KilargoUITests.debug.xcconfig"; sourceTree = "<group>"; };
/* End PBXFileReference section */

/* Begin PBXFrameworksBuildPhase section */
		88B301B11CCA00F200A69685 /* Frameworks */ = {
			isa = PBXFrameworksBuildPhase;
			buildActionMask = 2147483647;
			files = (
				8833A9B11CCF1FAC002E9084 /* Reveal.framework in Frameworks */,
				2DEEA6334C07567D19DDC5AE /* Pods_Kilargo.framework in Frameworks */,
			);
			runOnlyForDeploymentPostprocessing = 0;
		};
		88B301C51CCA00F200A69685 /* Frameworks */ = {
			isa = PBXFrameworksBuildPhase;
			buildActionMask = 2147483647;
			files = (
				ACC16B3F071A61A2A19E60F6 /* Pods_KilargoTests.framework in Frameworks */,
			);
			runOnlyForDeploymentPostprocessing = 0;
		};
		88B301D01CCA00F200A69685 /* Frameworks */ = {
			isa = PBXFrameworksBuildPhase;
			buildActionMask = 2147483647;
			files = (
				E2988116BC7F5CB58B470208 /* Pods_KilargoUITests.framework in Frameworks */,
			);
			runOnlyForDeploymentPostprocessing = 0;
		};
/* End PBXFrameworksBuildPhase section */

/* Begin PBXGroup section */
		01EC7F4EAEB10807AFDE91B5 /* Frameworks */ = {
			isa = PBXGroup;
			children = (
				1ADDCC55E4B28B70EE86DA00 /* Pods_Kilargo.framework */,
				06E2D2AAA5FD7494B4E693B7 /* Pods_KilargoTests.framework */,
				B0C758B5B3C0A5464A8D98E4 /* Pods_KilargoUITests.framework */,
			);
			name = Frameworks;
			sourceTree = "<group>";
		};
		753D11E71D91FE0200AEA7D3 /* Resources */ = {
			isa = PBXGroup;
			children = (
				753D11E81D91FE0200AEA7D3 /* icons */,
			);
			path = Resources;
			sourceTree = "<group>";
		};
		753D11E81D91FE0200AEA7D3 /* icons */ = {
			isa = PBXGroup;
			children = (
				753D11E91D91FE0200AEA7D3 /* logo_banner.png */,
				753D11EA1D91FE0200AEA7D3 /* logo_banner@2x.png */,
				753D11EB1D91FE0200AEA7D3 /* logo_banner@3x.png */,
			);
			path = icons;
			sourceTree = "<group>";
		};
		8806408C1CD01254002C8999 /* Widget */ = {
			isa = PBXGroup;
			children = (
				88F533461CD8346F00B37DB5 /* Cell */,
				88F533471CD8348A00B37DB5 /* PullToRefreshBeatAnimator.swift */,
				8843FB0E1D52C06C00BB5DD2 /* SearchResultCell.xib */,
				8843FB121D52C0B200BB5DD2 /* SearchResultCell.swift */,
				8821EC881D52E79A0092F1CC /* UIButton.swift */,
				757C7D4B1D99DA8700152866 /* UIView+Rounded.swift */,
			);
			name = Widget;
			path = ..;
			sourceTree = "<group>";
		};
		8831B8AF1D2B767400F96C55 /* Extension + Base */ = {
			isa = PBXGroup;
			children = (
				75C95AB41D975FA500A613A7 /* BaseViewController.swift */,
				8831B8D61D2B7A9F00F96C55 /* UIViewControllerExtension.swift */,
				8831B8C81D2B76B000F96C55 /* StringExtension.swift */,
				8831B8B01D2B768B00F96C55 /* UIApplicationExtension.swift */,
				8831B8B11D2B768B00F96C55 /* UIColorExtension.swift */,
				8831B8B41D2B768B00F96C55 /* UITableViewExtension.swift */,
			);
			name = "Extension + Base";
			sourceTree = "<group>";
		};
		888017751CCF3FD3000F1023 /* Controller */ = {
			isa = PBXGroup;
			children = (
				757C7D491D99D5FD00152866 /* HomeViewController.swift */,
				88B301B91CCA00F200A69685 /* MainViewController.swift */,
				8833A9AA1CCEF1C3002E9084 /* SubViewController.swift */,
				88410B021CCB7BF9004752C9 /* ProductViewController.swift */,
				88410B041CCD79DD004752C9 /* ProductDesViewController.swift */,
				8866FFBB1CD17441000C3336 /* SearchResultViewController.swift */,
				88C5EFC51CD9D7CE00E763D0 /* CarouselImageViewController.swift */,
				8831B8BE1D2B769F00F96C55 /* ExSlideMenuController.swift */,
				8831B8C21D2B769F00F96C55 /* SettingViewController.swift */,
				8831B8CA1D2B76E600F96C55 /* LeftViewController.swift */,
				8831B8BF1D2B769F00F96C55 /* AboutViewController.swift */,
			);
			name = Controller;
			sourceTree = "<group>";
		};
		888017761CCF4001000F1023 /* Others */ = {
			isa = PBXGroup;
			children = (
				88B301BB1CCA00F200A69685 /* Main.storyboard */,
				88B301BE1CCA00F200A69685 /* Assets.xcassets */,
				88B301C01CCA00F200A69685 /* LaunchScreen.storyboard */,
				88B301C31CCA00F200A69685 /* Info.plist */,
			);
			name = Others;
			sourceTree = "<group>";
		};
		888017781CCF4025000F1023 /* Model */ = {
			isa = PBXGroup;
			children = (
				8880177E1CCF4189000F1023 /* Menu.swift */,
				888017801CCF4190000F1023 /* SubMenu.swift */,
				888017821CCF4199000F1023 /* Product.swift */,
				888017841CCF4368000F1023 /* JsonFetcher.swift */,
			);
			name = Model;
			sourceTree = "<group>";
		};
		8880177A1CCF4057000F1023 /* Common */ = {
			isa = PBXGroup;
			children = (
				8831B8AF1D2B767400F96C55 /* Extension + Base */,
				8806408C1CD01254002C8999 /* Widget */,
				8880177C1CCF4068000F1023 /* Global.swift */,
			);
			name = Common;
			sourceTree = "<group>";
		};
		88B301AB1CCA00F200A69685 = {
			isa = PBXGroup;
			children = (
				753D11E71D91FE0200AEA7D3 /* Resources */,
				8833A9B01CCF1FAC002E9084 /* Reveal.framework */,
				88B301B61CCA00F200A69685 /* Kilargo */,
				88B301CB1CCA00F200A69685 /* KilargoTests */,
				88B301D61CCA00F200A69685 /* KilargoUITests */,
				88B301B51CCA00F200A69685 /* Products */,
				9172183E3388924E5565C4D6 /* Pods */,
				01EC7F4EAEB10807AFDE91B5 /* Frameworks */,
			);
			sourceTree = "<group>";
		};
		88B301B51CCA00F200A69685 /* Products */ = {
			isa = PBXGroup;
			children = (
				88B301B41CCA00F200A69685 /* Kilargo.app */,
				88B301C81CCA00F200A69685 /* KilargoTests.xctest */,
				88B301D31CCA00F200A69685 /* KilargoUITests.xctest */,
			);
			name = Products;
			sourceTree = "<group>";
		};
		88B301B61CCA00F200A69685 /* Kilargo */ = {
			isa = PBXGroup;
			children = (
				88B301B71CCA00F200A69685 /* AppDelegate.swift */,
				888017751CCF3FD3000F1023 /* Controller */,
				888017781CCF4025000F1023 /* Model */,
				8880177A1CCF4057000F1023 /* Common */,
				888017761CCF4001000F1023 /* Others */,
			);
			path = Kilargo;
			sourceTree = "<group>";
		};
		88B301CB1CCA00F200A69685 /* KilargoTests */ = {
			isa = PBXGroup;
			children = (
				88B301CC1CCA00F200A69685 /* KilargoTests.swift */,
				88B301CE1CCA00F200A69685 /* Info.plist */,
			);
			path = KilargoTests;
			sourceTree = "<group>";
		};
		88B301D61CCA00F200A69685 /* KilargoUITests */ = {
			isa = PBXGroup;
			children = (
				88B301D71CCA00F200A69685 /* KilargoUITests.swift */,
				88B301D91CCA00F200A69685 /* Info.plist */,
			);
			path = KilargoUITests;
			sourceTree = "<group>";
		};
		88F533461CD8346F00B37DB5 /* Cell */ = {
			isa = PBXGroup;
			children = (
				8831B8CC1D2B770B00F96C55 /* LeftTableViewCell.swift */,
				88E3DEDA1CD02DC30098F934 /* MenuItemCell.swift */,
				88E3DEDB1CD02DC30098F934 /* SubMenuItemCell.swift */,
				88C5EFC71CD9D96900E763D0 /* CarouselCollectionViewCell.swift */,
			);
			name = Cell;
			sourceTree = "<group>";
		};
		9172183E3388924E5565C4D6 /* Pods */ = {
			isa = PBXGroup;
			children = (
				4D9D5D3F2185D2C45C0E7822 /* Pods-Kilargo.debug.xcconfig */,
				61214CCBD4CCEBB90AB94E54 /* Pods-Kilargo.release.xcconfig */,
				12CF7893958F38D8A2480B5E /* Pods-KilargoTests.debug.xcconfig */,
				166FC1EF2F69982C0D7864AE /* Pods-KilargoTests.release.xcconfig */,
				C0271422E9CA5318D1FB70EF /* Pods-KilargoUITests.debug.xcconfig */,
				732088808652BFACC69DB41B /* Pods-KilargoUITests.release.xcconfig */,
			);
			name = Pods;
			sourceTree = "<group>";
		};
/* End PBXGroup section */

/* Begin PBXNativeTarget section */
		88B301B31CCA00F200A69685 /* Kilargo */ = {
			isa = PBXNativeTarget;
			buildConfigurationList = 88B301DC1CCA00F200A69685 /* Build configuration list for PBXNativeTarget "Kilargo" */;
			buildPhases = (
				5D1135B424F61B432720B33E /* [CP] Check Pods Manifest.lock */,
				88B301B01CCA00F200A69685 /* Sources */,
				88B301B11CCA00F200A69685 /* Frameworks */,
				88B301B21CCA00F200A69685 /* Resources */,
				78D3679B116E4394311B7FB2 /* [CP] Embed Pods Frameworks */,
				43D86A4304846552B5F56132 /* [CP] Copy Pods Resources */,
			);
			buildRules = (
			);
			dependencies = (
			);
			name = Kilargo;
			productName = Kilargo;
			productReference = 88B301B41CCA00F200A69685 /* Kilargo.app */;
			productType = "com.apple.product-type.application";
		};
		88B301C71CCA00F200A69685 /* KilargoTests */ = {
			isa = PBXNativeTarget;
			buildConfigurationList = 88B301DF1CCA00F200A69685 /* Build configuration list for PBXNativeTarget "KilargoTests" */;
			buildPhases = (
				75A013219D853360041BB59F /* [CP] Check Pods Manifest.lock */,
				88B301C41CCA00F200A69685 /* Sources */,
				88B301C51CCA00F200A69685 /* Frameworks */,
				88B301C61CCA00F200A69685 /* Resources */,
				F038723F9925A7CA2402EE37 /* [CP] Embed Pods Frameworks */,
				14D29FCFF3325130ABF10C8E /* [CP] Copy Pods Resources */,
			);
			buildRules = (
			);
			dependencies = (
				88B301CA1CCA00F200A69685 /* PBXTargetDependency */,
			);
			name = KilargoTests;
			productName = KilargoTests;
			productReference = 88B301C81CCA00F200A69685 /* KilargoTests.xctest */;
			productType = "com.apple.product-type.bundle.unit-test";
		};
		88B301D21CCA00F200A69685 /* KilargoUITests */ = {
			isa = PBXNativeTarget;
			buildConfigurationList = 88B301E21CCA00F200A69685 /* Build configuration list for PBXNativeTarget "KilargoUITests" */;
			buildPhases = (
				65A904E384C285D5B696513B /* [CP] Check Pods Manifest.lock */,
				88B301CF1CCA00F200A69685 /* Sources */,
				88B301D01CCA00F200A69685 /* Frameworks */,
				88B301D11CCA00F200A69685 /* Resources */,
				9A9298B25B4671C5B08AD54F /* [CP] Copy Pods Resources */,
			);
			buildRules = (
			);
			dependencies = (
				88B301D51CCA00F200A69685 /* PBXTargetDependency */,
			);
			name = KilargoUITests;
			productName = KilargoUITests;
			productReference = 88B301D31CCA00F200A69685 /* KilargoUITests.xctest */;
			productType = "com.apple.product-type.bundle.ui-testing";
		};
/* End PBXNativeTarget section */

/* Begin PBXProject section */
		88B301AC1CCA00F200A69685 /* Project object */ = {
			isa = PBXProject;
			attributes = {
				LastSwiftUpdateCheck = 0730;
				LastUpgradeCheck = 0730;
				ORGANIZATIONNAME = com.internetics;
				TargetAttributes = {
					88B301B31CCA00F200A69685 = {
						CreatedOnToolsVersion = 7.3;
					};
					88B301C71CCA00F200A69685 = {
						CreatedOnToolsVersion = 7.3;
						TestTargetID = 88B301B31CCA00F200A69685;
					};
					88B301D21CCA00F200A69685 = {
						CreatedOnToolsVersion = 7.3;
						TestTargetID = 88B301B31CCA00F200A69685;
					};
				};
			};
			buildConfigurationList = 88B301AF1CCA00F200A69685 /* Build configuration list for PBXProject "Kilargo" */;
			compatibilityVersion = "Xcode 3.2";
			developmentRegion = English;
			hasScannedForEncodings = 0;
			knownRegions = (
				en,
				Base,
			);
			mainGroup = 88B301AB1CCA00F200A69685;
			productRefGroup = 88B301B51CCA00F200A69685 /* Products */;
			projectDirPath = "";
			projectRoot = "";
			targets = (
				88B301B31CCA00F200A69685 /* Kilargo */,
				88B301C71CCA00F200A69685 /* KilargoTests */,
				88B301D21CCA00F200A69685 /* KilargoUITests */,
			);
		};
/* End PBXProject section */

/* Begin PBXResourcesBuildPhase section */
		88B301B21CCA00F200A69685 /* Resources */ = {
			isa = PBXResourcesBuildPhase;
			buildActionMask = 2147483647;
			files = (
				753D11ED1D91FE0200AEA7D3 /* logo_banner@2x.png in Resources */,
				88B301C21CCA00F200A69685 /* LaunchScreen.storyboard in Resources */,
				88B301BF1CCA00F200A69685 /* Assets.xcassets in Resources */,
				753D11EE1D91FE0200AEA7D3 /* logo_banner@3x.png in Resources */,
				8843FB0F1D52C06C00BB5DD2 /* SearchResultCell.xib in Resources */,
				753D11EC1D91FE0200AEA7D3 /* logo_banner.png in Resources */,
				88B301BD1CCA00F200A69685 /* Main.storyboard in Resources */,
			);
			runOnlyForDeploymentPostprocessing = 0;
		};
		88B301C61CCA00F200A69685 /* Resources */ = {
			isa = PBXResourcesBuildPhase;
			buildActionMask = 2147483647;
			files = (
			);
			runOnlyForDeploymentPostprocessing = 0;
		};
		88B301D11CCA00F200A69685 /* Resources */ = {
			isa = PBXResourcesBuildPhase;
			buildActionMask = 2147483647;
			files = (
			);
			runOnlyForDeploymentPostprocessing = 0;
		};
/* End PBXResourcesBuildPhase section */

/* Begin PBXShellScriptBuildPhase section */
		14D29FCFF3325130ABF10C8E /* [CP] Copy Pods Resources */ = {
			isa = PBXShellScriptBuildPhase;
			buildActionMask = 2147483647;
			files = (
			);
			inputPaths = (
			);
			name = "[CP] Copy Pods Resources";
			outputPaths = (
			);
			runOnlyForDeploymentPostprocessing = 0;
			shellPath = /bin/sh;
			shellScript = "\"${SRCROOT}/Pods/Target Support Files/Pods-KilargoTests/Pods-KilargoTests-resources.sh\"\n";
			showEnvVarsInLog = 0;
		};
		43D86A4304846552B5F56132 /* [CP] Copy Pods Resources */ = {
			isa = PBXShellScriptBuildPhase;
			buildActionMask = 2147483647;
			files = (
			);
			inputPaths = (
			);
			name = "[CP] Copy Pods Resources";
			outputPaths = (
			);
			runOnlyForDeploymentPostprocessing = 0;
			shellPath = /bin/sh;
			shellScript = "\"${SRCROOT}/Pods/Target Support Files/Pods-Kilargo/Pods-Kilargo-resources.sh\"\n";
			showEnvVarsInLog = 0;
		};
		5D1135B424F61B432720B33E /* [CP] Check Pods Manifest.lock */ = {
			isa = PBXShellScriptBuildPhase;
			buildActionMask = 2147483647;
			files = (
			);
			inputPaths = (
			);
			name = "[CP] Check Pods Manifest.lock";
			outputPaths = (
			);
			runOnlyForDeploymentPostprocessing = 0;
			shellPath = /bin/sh;
			shellScript = "diff \"${PODS_ROOT}/../Podfile.lock\" \"${PODS_ROOT}/Manifest.lock\" > /dev/null\nif [[ $? != 0 ]] ; then\n    cat << EOM\nerror: The sandbox is not in sync with the Podfile.lock. Run 'pod install' or update your CocoaPods installation.\nEOM\n    exit 1\nfi\n";
			showEnvVarsInLog = 0;
		};
		65A904E384C285D5B696513B /* [CP] Check Pods Manifest.lock */ = {
			isa = PBXShellScriptBuildPhase;
			buildActionMask = 2147483647;
			files = (
			);
			inputPaths = (
			);
			name = "[CP] Check Pods Manifest.lock";
			outputPaths = (
			);
			runOnlyForDeploymentPostprocessing = 0;
			shellPath = /bin/sh;
			shellScript = "diff \"${PODS_ROOT}/../Podfile.lock\" \"${PODS_ROOT}/Manifest.lock\" > /dev/null\nif [[ $? != 0 ]] ; then\n    cat << EOM\nerror: The sandbox is not in sync with the Podfile.lock. Run 'pod install' or update your CocoaPods installation.\nEOM\n    exit 1\nfi\n";
			showEnvVarsInLog = 0;
		};
		75A013219D853360041BB59F /* [CP] Check Pods Manifest.lock */ = {
			isa = PBXShellScriptBuildPhase;
			buildActionMask = 2147483647;
			files = (
			);
			inputPaths = (
			);
			name = "[CP] Check Pods Manifest.lock";
			outputPaths = (
			);
			runOnlyForDeploymentPostprocessing = 0;
			shellPath = /bin/sh;
			shellScript = "diff \"${PODS_ROOT}/../Podfile.lock\" \"${PODS_ROOT}/Manifest.lock\" > /dev/null\nif [[ $? != 0 ]] ; then\n    cat << EOM\nerror: The sandbox is not in sync with the Podfile.lock. Run 'pod install' or update your CocoaPods installation.\nEOM\n    exit 1\nfi\n";
			showEnvVarsInLog = 0;
		};
		78D3679B116E4394311B7FB2 /* [CP] Embed Pods Frameworks */ = {
			isa = PBXShellScriptBuildPhase;
			buildActionMask = 2147483647;
			files = (
			);
			inputPaths = (
			);
			name = "[CP] Embed Pods Frameworks";
			outputPaths = (
			);
			runOnlyForDeploymentPostprocessing = 0;
			shellPath = /bin/sh;
			shellScript = "\"${SRCROOT}/Pods/Target Support Files/Pods-Kilargo/Pods-Kilargo-frameworks.sh\"\n";
			showEnvVarsInLog = 0;
		};
		9A9298B25B4671C5B08AD54F /* [CP] Copy Pods Resources */ = {
			isa = PBXShellScriptBuildPhase;
			buildActionMask = 2147483647;
			files = (
			);
			inputPaths = (
			);
			name = "[CP] Copy Pods Resources";
			outputPaths = (
			);
			runOnlyForDeploymentPostprocessing = 0;
			shellPath = /bin/sh;
			shellScript = "\"${SRCROOT}/Pods/Target Support Files/Pods-KilargoUITests/Pods-KilargoUITests-resources.sh\"\n";
			showEnvVarsInLog = 0;
		};
		F038723F9925A7CA2402EE37 /* [CP] Embed Pods Frameworks */ = {
			isa = PBXShellScriptBuildPhase;
			buildActionMask = 2147483647;
			files = (
			);
			inputPaths = (
			);
			name = "[CP] Embed Pods Frameworks";
			outputPaths = (
			);
			runOnlyForDeploymentPostprocessing = 0;
			shellPath = /bin/sh;
			shellScript = "\"${SRCROOT}/Pods/Target Support Files/Pods-KilargoTests/Pods-KilargoTests-frameworks.sh\"\n";
			showEnvVarsInLog = 0;
		};
/* End PBXShellScriptBuildPhase section */

/* Begin PBXSourcesBuildPhase section */
		88B301B01CCA00F200A69685 /* Sources */ = {
			isa = PBXSourcesBuildPhase;
			buildActionMask = 2147483647;
			files = (
				8831B8C91D2B76B000F96C55 /* StringExtension.swift in Sources */,
				88C5EFC81CD9D96900E763D0 /* CarouselCollectionViewCell.swift in Sources */,
				8821EC891D52E79A0092F1CC /* UIButton.swift in Sources */,
				8831B8CB1D2B76E600F96C55 /* LeftViewController.swift in Sources */,
				888017851CCF4368000F1023 /* JsonFetcher.swift in Sources */,
				88410B031CCB7BF9004752C9 /* ProductViewController.swift in Sources */,
				88E3DEDC1CD02DC30098F934 /* MenuItemCell.swift in Sources */,
				8831B8C31D2B769F00F96C55 /* ExSlideMenuController.swift in Sources */,
				88410B051CCD79DD004752C9 /* ProductDesViewController.swift in Sources */,
				888017831CCF4199000F1023 /* Product.swift in Sources */,
				8831B8BB1D2B768B00F96C55 /* UITableViewExtension.swift in Sources */,
				8880177F1CCF4189000F1023 /* Menu.swift in Sources */,
				75C95AB51D975FA500A613A7 /* BaseViewController.swift in Sources */,
				8831B8D71D2B7A9F00F96C55 /* UIViewControllerExtension.swift in Sources */,
				88C5EFC61CD9D7CE00E763D0 /* CarouselImageViewController.swift in Sources */,
				88F533481CD8348A00B37DB5 /* PullToRefreshBeatAnimator.swift in Sources */,
				88E3DEDD1CD02DC30098F934 /* SubMenuItemCell.swift in Sources */,
				757C7D4C1D99DA8700152866 /* UIView+Rounded.swift in Sources */,
				8880177D1CCF4068000F1023 /* Global.swift in Sources */,
				8831B8B71D2B768B00F96C55 /* UIApplicationExtension.swift in Sources */,
				8843FB131D52C0B200BB5DD2 /* SearchResultCell.swift in Sources */,
				8831B8CF1D2B770B00F96C55 /* LeftTableViewCell.swift in Sources */,
				8833A9AB1CCEF1C3002E9084 /* SubViewController.swift in Sources */,
				8831B8B81D2B768B00F96C55 /* UIColorExtension.swift in Sources */,
				8831B8C71D2B769F00F96C55 /* SettingViewController.swift in Sources */,
				88B301BA1CCA00F200A69685 /* MainViewController.swift in Sources */,
				8831B8C41D2B769F00F96C55 /* AboutViewController.swift in Sources */,
				88B301B81CCA00F200A69685 /* AppDelegate.swift in Sources */,
				757C7D4A1D99D5FD00152866 /* HomeViewController.swift in Sources */,
				8866FFBC1CD17441000C3336 /* SearchResultViewController.swift in Sources */,
				888017811CCF4190000F1023 /* SubMenu.swift in Sources */,
			);
			runOnlyForDeploymentPostprocessing = 0;
		};
		88B301C41CCA00F200A69685 /* Sources */ = {
			isa = PBXSourcesBuildPhase;
			buildActionMask = 2147483647;
			files = (
				88B301CD1CCA00F200A69685 /* KilargoTests.swift in Sources */,
			);
			runOnlyForDeploymentPostprocessing = 0;
		};
		88B301CF1CCA00F200A69685 /* Sources */ = {
			isa = PBXSourcesBuildPhase;
			buildActionMask = 2147483647;
			files = (
				88B301D81CCA00F200A69685 /* KilargoUITests.swift in Sources */,
			);
			runOnlyForDeploymentPostprocessing = 0;
		};
/* End PBXSourcesBuildPhase section */

/* Begin PBXTargetDependency section */
		88B301CA1CCA00F200A69685 /* PBXTargetDependency */ = {
			isa = PBXTargetDependency;
			target = 88B301B31CCA00F200A69685 /* Kilargo */;
			targetProxy = 88B301C91CCA00F200A69685 /* PBXContainerItemProxy */;
		};
		88B301D51CCA00F200A69685 /* PBXTargetDependency */ = {
			isa = PBXTargetDependency;
			target = 88B301B31CCA00F200A69685 /* Kilargo */;
			targetProxy = 88B301D41CCA00F200A69685 /* PBXContainerItemProxy */;
		};
/* End PBXTargetDependency section */

/* Begin PBXVariantGroup section */
		88B301BB1CCA00F200A69685 /* Main.storyboard */ = {
			isa = PBXVariantGroup;
			children = (
				88B301BC1CCA00F200A69685 /* Base */,
			);
			name = Main.storyboard;
			sourceTree = "<group>";
		};
		88B301C01CCA00F200A69685 /* LaunchScreen.storyboard */ = {
			isa = PBXVariantGroup;
			children = (
				88B301C11CCA00F200A69685 /* Base */,
			);
			name = LaunchScreen.storyboard;
			sourceTree = "<group>";
		};
/* End PBXVariantGroup section */

/* Begin XCBuildConfiguration section */
		88B301DA1CCA00F200A69685 /* Debug */ = {
			isa = XCBuildConfiguration;
			buildSettings = {
				ALWAYS_SEARCH_USER_PATHS = NO;
				CLANG_ANALYZER_NONNULL = YES;
				CLANG_CXX_LANGUAGE_STANDARD = "gnu++0x";
				CLANG_CXX_LIBRARY = "libc++";
				CLANG_ENABLE_MODULES = YES;
				CLANG_ENABLE_OBJC_ARC = YES;
				CLANG_WARN_BOOL_CONVERSION = YES;
				CLANG_WARN_CONSTANT_CONVERSION = YES;
				CLANG_WARN_DIRECT_OBJC_ISA_USAGE = YES_ERROR;
				CLANG_WARN_EMPTY_BODY = YES;
				CLANG_WARN_ENUM_CONVERSION = YES;
				CLANG_WARN_INT_CONVERSION = YES;
				CLANG_WARN_OBJC_ROOT_CLASS = YES_ERROR;
				CLANG_WARN_UNREACHABLE_CODE = YES;
				CLANG_WARN__DUPLICATE_METHOD_MATCH = YES;
				"CODE_SIGN_IDENTITY[sdk=iphoneos*]" = "iPhone Developer";
				COPY_PHASE_STRIP = NO;
				DEBUG_INFORMATION_FORMAT = dwarf;
				ENABLE_STRICT_OBJC_MSGSEND = YES;
				ENABLE_TESTABILITY = YES;
				GCC_C_LANGUAGE_STANDARD = gnu99;
				GCC_DYNAMIC_NO_PIC = NO;
				GCC_NO_COMMON_BLOCKS = YES;
				GCC_OPTIMIZATION_LEVEL = 0;
				GCC_PREPROCESSOR_DEFINITIONS = (
					"DEBUG=1",
					"$(inherited)",
				);
				GCC_WARN_64_TO_32_BIT_CONVERSION = YES;
				GCC_WARN_ABOUT_RETURN_TYPE = YES_ERROR;
				GCC_WARN_UNDECLARED_SELECTOR = YES;
				GCC_WARN_UNINITIALIZED_AUTOS = YES_AGGRESSIVE;
				GCC_WARN_UNUSED_FUNCTION = YES;
				GCC_WARN_UNUSED_VARIABLE = YES;
				IPHONEOS_DEPLOYMENT_TARGET = 8.0;
				MTL_ENABLE_DEBUG_INFO = YES;
				ONLY_ACTIVE_ARCH = YES;
				SDKROOT = iphoneos;
				SWIFT_OPTIMIZATION_LEVEL = "-Onone";
			};
			name = Debug;
		};
		88B301DB1CCA00F200A69685 /* Release */ = {
			isa = XCBuildConfiguration;
			buildSettings = {
				ALWAYS_SEARCH_USER_PATHS = NO;
				CLANG_ANALYZER_NONNULL = YES;
				CLANG_CXX_LANGUAGE_STANDARD = "gnu++0x";
				CLANG_CXX_LIBRARY = "libc++";
				CLANG_ENABLE_MODULES = YES;
				CLANG_ENABLE_OBJC_ARC = YES;
				CLANG_WARN_BOOL_CONVERSION = YES;
				CLANG_WARN_CONSTANT_CONVERSION = YES;
				CLANG_WARN_DIRECT_OBJC_ISA_USAGE = YES_ERROR;
				CLANG_WARN_EMPTY_BODY = YES;
				CLANG_WARN_ENUM_CONVERSION = YES;
				CLANG_WARN_INT_CONVERSION = YES;
				CLANG_WARN_OBJC_ROOT_CLASS = YES_ERROR;
				CLANG_WARN_UNREACHABLE_CODE = YES;
				CLANG_WARN__DUPLICATE_METHOD_MATCH = YES;
				"CODE_SIGN_IDENTITY[sdk=iphoneos*]" = "iPhone Developer";
				COPY_PHASE_STRIP = NO;
				DEBUG_INFORMATION_FORMAT = "dwarf-with-dsym";
				ENABLE_NS_ASSERTIONS = NO;
				ENABLE_STRICT_OBJC_MSGSEND = YES;
				GCC_C_LANGUAGE_STANDARD = gnu99;
				GCC_NO_COMMON_BLOCKS = YES;
				GCC_WARN_64_TO_32_BIT_CONVERSION = YES;
				GCC_WARN_ABOUT_RETURN_TYPE = YES_ERROR;
				GCC_WARN_UNDECLARED_SELECTOR = YES;
				GCC_WARN_UNINITIALIZED_AUTOS = YES_AGGRESSIVE;
				GCC_WARN_UNUSED_FUNCTION = YES;
				GCC_WARN_UNUSED_VARIABLE = YES;
				IPHONEOS_DEPLOYMENT_TARGET = 8.0;
				MTL_ENABLE_DEBUG_INFO = NO;
				SDKROOT = iphoneos;
				VALIDATE_PRODUCT = YES;
			};
			name = Release;
		};
		88B301DD1CCA00F200A69685 /* Debug */ = {
			isa = XCBuildConfiguration;
			baseConfigurationReference = 4D9D5D3F2185D2C45C0E7822 /* Pods-Kilargo.debug.xcconfig */;
			buildSettings = {
				ASSETCATALOG_COMPILER_APPICON_NAME = AppIcon;
				FRAMEWORK_SEARCH_PATHS = (
					"$(inherited)",
					"$(PROJECT_DIR)",
				);
				INFOPLIST_FILE = Kilargo/Info.plist;
				IPHONEOS_DEPLOYMENT_TARGET = 8.0;
				LD_RUNPATH_SEARCH_PATHS = "$(inherited) @executable_path/Frameworks";
				OTHER_LDFLAGS = (
					"$(inherited)",
					"-framework",
					"\"SnapKit\"",
					"-ObjC",
					"-lz",
					"-framework",
					Reveal,
				);
				PRODUCT_BUNDLE_IDENTIFIER = com.internetics.Kilargo;
				PRODUCT_NAME = "$(TARGET_NAME)";
				TARGETED_DEVICE_FAMILY = "1,2";
			};
			name = Debug;
		};
		88B301DE1CCA00F200A69685 /* Release */ = {
			isa = XCBuildConfiguration;
			baseConfigurationReference = 61214CCBD4CCEBB90AB94E54 /* Pods-Kilargo.release.xcconfig */;
			buildSettings = {
				ASSETCATALOG_COMPILER_APPICON_NAME = AppIcon;
				FRAMEWORK_SEARCH_PATHS = (
					"$(inherited)",
					"$(PROJECT_DIR)",
				);
				INFOPLIST_FILE = Kilargo/Info.plist;
				IPHONEOS_DEPLOYMENT_TARGET = 8.0;
				LD_RUNPATH_SEARCH_PATHS = "$(inherited) @executable_path/Frameworks";
				OTHER_LDFLAGS = (
					"$(inherited)",
					"-framework",
					"\"SnapKit\"",
					"-ObjC",
					"-lz",
					"-framework",
					Reveal,
				);
				PRODUCT_BUNDLE_IDENTIFIER = com.internetics.Kilargo;
				PRODUCT_NAME = "$(TARGET_NAME)";
				TARGETED_DEVICE_FAMILY = "1,2";
			};
			name = Release;
		};
		88B301E01CCA00F200A69685 /* Debug */ = {
			isa = XCBuildConfiguration;
			baseConfigurationReference = 12CF7893958F38D8A2480B5E /* Pods-KilargoTests.debug.xcconfig */;
			buildSettings = {
				BUNDLE_LOADER = "$(TEST_HOST)";
				INFOPLIST_FILE = KilargoTests/Info.plist;
				LD_RUNPATH_SEARCH_PATHS = "$(inherited) @executable_path/Frameworks @loader_path/Frameworks";
				PRODUCT_BUNDLE_IDENTIFIER = com.internetics.KilargoTests;
				PRODUCT_NAME = "$(TARGET_NAME)";
				TEST_HOST = "$(BUILT_PRODUCTS_DIR)/Kilargo.app/Kilargo";
			};
			name = Debug;
		};
		88B301E11CCA00F200A69685 /* Release */ = {
			isa = XCBuildConfiguration;
			baseConfigurationReference = 166FC1EF2F69982C0D7864AE /* Pods-KilargoTests.release.xcconfig */;
			buildSettings = {
				BUNDLE_LOADER = "$(TEST_HOST)";
				INFOPLIST_FILE = KilargoTests/Info.plist;
				LD_RUNPATH_SEARCH_PATHS = "$(inherited) @executable_path/Frameworks @loader_path/Frameworks";
				PRODUCT_BUNDLE_IDENTIFIER = com.internetics.KilargoTests;
				PRODUCT_NAME = "$(TARGET_NAME)";
				TEST_HOST = "$(BUILT_PRODUCTS_DIR)/Kilargo.app/Kilargo";
			};
			name = Release;
		};
		88B301E31CCA00F200A69685 /* Debug */ = {
			isa = XCBuildConfiguration;
			baseConfigurationReference = C0271422E9CA5318D1FB70EF /* Pods-KilargoUITests.debug.xcconfig */;
			buildSettings = {
				INFOPLIST_FILE = KilargoUITests/Info.plist;
				LD_RUNPATH_SEARCH_PATHS = "$(inherited) @executable_path/Frameworks @loader_path/Frameworks";
				PRODUCT_BUNDLE_IDENTIFIER = com.internetics.KilargoUITests;
				PRODUCT_NAME = "$(TARGET_NAME)";
				TEST_TARGET_NAME = Kilargo;
			};
			name = Debug;
		};
		88B301E41CCA00F200A69685 /* Release */ = {
			isa = XCBuildConfiguration;
			baseConfigurationReference = 732088808652BFACC69DB41B /* Pods-KilargoUITests.release.xcconfig */;
			buildSettings = {
				INFOPLIST_FILE = KilargoUITests/Info.plist;
				LD_RUNPATH_SEARCH_PATHS = "$(inherited) @executable_path/Frameworks @loader_path/Frameworks";
				PRODUCT_BUNDLE_IDENTIFIER = com.internetics.KilargoUITests;
				PRODUCT_NAME = "$(TARGET_NAME)";
				TEST_TARGET_NAME = Kilargo;
			};
			name = Release;
		};
/* End XCBuildConfiguration section */

/* Begin XCConfigurationList section */
		88B301AF1CCA00F200A69685 /* Build configuration list for PBXProject "Kilargo" */ = {
			isa = XCConfigurationList;
			buildConfigurations = (
				88B301DA1CCA00F200A69685 /* Debug */,
				88B301DB1CCA00F200A69685 /* Release */,
			);
			defaultConfigurationIsVisible = 0;
			defaultConfigurationName = Release;
		};
		88B301DC1CCA00F200A69685 /* Build configuration list for PBXNativeTarget "Kilargo" */ = {
			isa = XCConfigurationList;
			buildConfigurations = (
				88B301DD1CCA00F200A69685 /* Debug */,
				88B301DE1CCA00F200A69685 /* Release */,
			);
			defaultConfigurationIsVisible = 0;
			defaultConfigurationName = Release;
		};
		88B301DF1CCA00F200A69685 /* Build configuration list for PBXNativeTarget "KilargoTests" */ = {
			isa = XCConfigurationList;
			buildConfigurations = (
				88B301E01CCA00F200A69685 /* Debug */,
				88B301E11CCA00F200A69685 /* Release */,
			);
			defaultConfigurationIsVisible = 0;
			defaultConfigurationName = Release;
		};
		88B301E21CCA00F200A69685 /* Build configuration list for PBXNativeTarget "KilargoUITests" */ = {
			isa = XCConfigurationList;
			buildConfigurations = (
				88B301E31CCA00F200A69685 /* Debug */,
				88B301E41CCA00F200A69685 /* Release */,
			);
			defaultConfigurationIsVisible = 0;
			defaultConfigurationName = Release;
		};
/* End XCConfigurationList section */
	};
	rootObject = 88B301AC1CCA00F200A69685 /* Project object */;
}
