// !$*UTF8*$!
{
	archiveVersion = 1;
	classes = {
	};
	objectVersion = 46;
	objects = {

/* Begin PBXBuildFile section */
		15C9CE9773DCB7BC4A8D2FAD /* Pods_Kilargo.framework in Frameworks */ = {isa = PBXBuildFile; fileRef = DFFF4B32E6A6A340C29B6A99 /* Pods_Kilargo.framework */; };
		7538BE671DF0F8D2009A12A7 /* Launcher.storyboard in Resources */ = {isa = PBXBuildFile; fileRef = 7538BE651DF0F8D2009A12A7 /* Launcher.storyboard */; };
		756A152A1DDBE25B001D4D33 /* KilargoTests.swift in Sources */ = {isa = PBXBuildFile; fileRef = 756A15291DDBE25B001D4D33 /* KilargoTests.swift */; };
		756E13A51D9B1E2600540A39 /* AppDelegate.swift in Sources */ = {isa = PBXBuildFile; fileRef = 756E13A41D9B1E2600540A39 /* AppDelegate.swift */; };
		756E13AA1D9B1E2600540A39 /* Main.storyboard in Resources */ = {isa = PBXBuildFile; fileRef = 756E13A81D9B1E2600540A39 /* Main.storyboard */; };
		756E13AF1D9B1E2600540A39 /* AboutApp.storyboard in Resources */ = {isa = PBXBuildFile; fileRef = 756E13AD1D9B1E2600540A39 /* AboutApp.storyboard */; };
		757293EA1D9C8A7400671CB2 /* DropdownSearchResultCell.swift in Sources */ = {isa = PBXBuildFile; fileRef = 757293E81D9C8A7400671CB2 /* DropdownSearchResultCell.swift */; };
		757293EB1D9C8A7400671CB2 /* DropdownSearchResultCell.xib in Resources */ = {isa = PBXBuildFile; fileRef = 757293E91D9C8A7400671CB2 /* DropdownSearchResultCell.xib */; };
		757293EE1D9CD00D00671CB2 /* InfoDialogCell.swift in Sources */ = {isa = PBXBuildFile; fileRef = 757293EC1D9CD00D00671CB2 /* InfoDialogCell.swift */; };
		757293EF1D9CD00D00671CB2 /* InfoDialogCell.xib in Resources */ = {isa = PBXBuildFile; fileRef = 757293ED1D9CD00D00671CB2 /* InfoDialogCell.xib */; };
		7591D6B61D9B583100972087 /* AboutViewController.swift in Sources */ = {isa = PBXBuildFile; fileRef = 7591D6AC1D9B583100972087 /* AboutViewController.swift */; };
		7591D6B71D9B583100972087 /* CarouselImageViewController.swift in Sources */ = {isa = PBXBuildFile; fileRef = 7591D6AD1D9B583100972087 /* CarouselImageViewController.swift */; };
		7591D6B81D9B583100972087 /* ExSlideMenuController.swift in Sources */ = {isa = PBXBuildFile; fileRef = 7591D6AE1D9B583100972087 /* ExSlideMenuController.swift */; };
		7591D6B91D9B583100972087 /* HomeViewController.swift in Sources */ = {isa = PBXBuildFile; fileRef = 7591D6AF1D9B583100972087 /* HomeViewController.swift */; };
		7591D6BA1D9B583100972087 /* LeftViewController.swift in Sources */ = {isa = PBXBuildFile; fileRef = 7591D6B01D9B583100972087 /* LeftViewController.swift */; };
		7591D6BB1D9B583100972087 /* MainViewController.swift in Sources */ = {isa = PBXBuildFile; fileRef = 7591D6B11D9B583100972087 /* MainViewController.swift */; };
		7591D6BC1D9B583100972087 /* ProductDesViewController.swift in Sources */ = {isa = PBXBuildFile; fileRef = 7591D6B21D9B583100972087 /* ProductDesViewController.swift */; };
		7591D6BD1D9B583100972087 /* ProductViewController.swift in Sources */ = {isa = PBXBuildFile; fileRef = 7591D6B31D9B583100972087 /* ProductViewController.swift */; };
		7591D6BE1D9B583100972087 /* SettingViewController.swift in Sources */ = {isa = PBXBuildFile; fileRef = 7591D6B41D9B583100972087 /* SettingViewController.swift */; };
		7591D6BF1D9B583100972087 /* SubViewController.swift in Sources */ = {isa = PBXBuildFile; fileRef = 7591D6B51D9B583100972087 /* SubViewController.swift */; };
		7591D6C51D9B586100972087 /* JsonFetcher.swift in Sources */ = {isa = PBXBuildFile; fileRef = 7591D6C11D9B586100972087 /* JsonFetcher.swift */; };
		7591D6C61D9B586100972087 /* Category.swift in Sources */ = {isa = PBXBuildFile; fileRef = 7591D6C21D9B586100972087 /* Category.swift */; };
		7591D6C71D9B586100972087 /* Product.swift in Sources */ = {isa = PBXBuildFile; fileRef = 7591D6C31D9B586100972087 /* Product.swift */; };
		7591D6C81D9B586100972087 /* SubCategory.swift in Sources */ = {isa = PBXBuildFile; fileRef = 7591D6C41D9B586100972087 /* SubCategory.swift */; };
		7591D6DD1D9B58FF00972087 /* BaseViewController.swift in Sources */ = {isa = PBXBuildFile; fileRef = 7591D6CB1D9B58FF00972087 /* BaseViewController.swift */; };
		7591D6DE1D9B58FF00972087 /* StringExtension.swift in Sources */ = {isa = PBXBuildFile; fileRef = 7591D6CC1D9B58FF00972087 /* StringExtension.swift */; };
		7591D6DF1D9B58FF00972087 /* UIApplicationExtension.swift in Sources */ = {isa = PBXBuildFile; fileRef = 7591D6CD1D9B58FF00972087 /* UIApplicationExtension.swift */; };
		7591D6E01D9B58FF00972087 /* UIColorExtension.swift in Sources */ = {isa = PBXBuildFile; fileRef = 7591D6CE1D9B58FF00972087 /* UIColorExtension.swift */; };
		7591D6E11D9B58FF00972087 /* UITableViewExtension.swift in Sources */ = {isa = PBXBuildFile; fileRef = 7591D6CF1D9B58FF00972087 /* UITableViewExtension.swift */; };
		7591D6E21D9B58FF00972087 /* UIViewControllerExtension.swift in Sources */ = {isa = PBXBuildFile; fileRef = 7591D6D01D9B58FF00972087 /* UIViewControllerExtension.swift */; };
		7591D6E31D9B58FF00972087 /* Global.swift in Sources */ = {isa = PBXBuildFile; fileRef = 7591D6D11D9B58FF00972087 /* Global.swift */; };
		7591D6E41D9B58FF00972087 /* CarouselCollectionViewCell.swift in Sources */ = {isa = PBXBuildFile; fileRef = 7591D6D41D9B58FF00972087 /* CarouselCollectionViewCell.swift */; };
		7591D6E51D9B58FF00972087 /* LeftTableViewCell.swift in Sources */ = {isa = PBXBuildFile; fileRef = 7591D6D51D9B58FF00972087 /* LeftTableViewCell.swift */; };
		7591D6E61D9B58FF00972087 /* MenuItemCell.swift in Sources */ = {isa = PBXBuildFile; fileRef = 7591D6D61D9B58FF00972087 /* MenuItemCell.swift */; };
		7591D6E71D9B58FF00972087 /* SubMenuItemCell.swift in Sources */ = {isa = PBXBuildFile; fileRef = 7591D6D71D9B58FF00972087 /* SubMenuItemCell.swift */; };
		7591D6E81D9B58FF00972087 /* PullToRefreshBeatAnimator.swift in Sources */ = {isa = PBXBuildFile; fileRef = 7591D6D81D9B58FF00972087 /* PullToRefreshBeatAnimator.swift */; };
		7591D6E91D9B58FF00972087 /* SearchResultCell.swift in Sources */ = {isa = PBXBuildFile; fileRef = 7591D6D91D9B58FF00972087 /* SearchResultCell.swift */; };
		7591D6EA1D9B58FF00972087 /* SearchResultCell.xib in Resources */ = {isa = PBXBuildFile; fileRef = 7591D6DA1D9B58FF00972087 /* SearchResultCell.xib */; };
		7591D6EB1D9B590000972087 /* UIButton.swift in Sources */ = {isa = PBXBuildFile; fileRef = 7591D6DB1D9B58FF00972087 /* UIButton.swift */; };
		7591D6EC1D9B590000972087 /* UIView+Rounded.swift in Sources */ = {isa = PBXBuildFile; fileRef = 7591D6DC1D9B58FF00972087 /* UIView+Rounded.swift */; };
		75B522681D9B533B009825AD /* NVActivityIndicatorAnimationAudioEqualizer.swift in Sources */ = {isa = PBXBuildFile; fileRef = 75B522411D9B533B009825AD /* NVActivityIndicatorAnimationAudioEqualizer.swift */; };
		75B522691D9B533B009825AD /* NVActivityIndicatorAnimationBallBeat.swift in Sources */ = {isa = PBXBuildFile; fileRef = 75B522421D9B533B009825AD /* NVActivityIndicatorAnimationBallBeat.swift */; };
		75B5226A1D9B533B009825AD /* NVActivityIndicatorAnimationBallClipRotate.swift in Sources */ = {isa = PBXBuildFile; fileRef = 75B522431D9B533B009825AD /* NVActivityIndicatorAnimationBallClipRotate.swift */; };
		75B5226B1D9B533B009825AD /* NVActivityIndicatorAnimationBallClipRotateMultiple.swift in Sources */ = {isa = PBXBuildFile; fileRef = 75B522441D9B533B009825AD /* NVActivityIndicatorAnimationBallClipRotateMultiple.swift */; };
		75B5226C1D9B533B009825AD /* NVActivityIndicatorAnimationBallClipRotatePulse.swift in Sources */ = {isa = PBXBuildFile; fileRef = 75B522451D9B533B009825AD /* NVActivityIndicatorAnimationBallClipRotatePulse.swift */; };
		75B5226D1D9B533B009825AD /* NVActivityIndicatorAnimationBallGridBeat.swift in Sources */ = {isa = PBXBuildFile; fileRef = 75B522461D9B533B009825AD /* NVActivityIndicatorAnimationBallGridBeat.swift */; };
		75B5226E1D9B533B009825AD /* NVActivityIndicatorAnimationBallGridPulse.swift in Sources */ = {isa = PBXBuildFile; fileRef = 75B522471D9B533B009825AD /* NVActivityIndicatorAnimationBallGridPulse.swift */; };
		75B5226F1D9B533B009825AD /* NVActivityIndicatorAnimationBallPulse.swift in Sources */ = {isa = PBXBuildFile; fileRef = 75B522481D9B533B009825AD /* NVActivityIndicatorAnimationBallPulse.swift */; };
		75B522701D9B533B009825AD /* NVActivityIndicatorAnimationBallPulseRise.swift in Sources */ = {isa = PBXBuildFile; fileRef = 75B522491D9B533B009825AD /* NVActivityIndicatorAnimationBallPulseRise.swift */; };
		75B522711D9B533B009825AD /* NVActivityIndicatorAnimationBallPulseSync.swift in Sources */ = {isa = PBXBuildFile; fileRef = 75B5224A1D9B533B009825AD /* NVActivityIndicatorAnimationBallPulseSync.swift */; };
		75B522721D9B533B009825AD /* NVActivityIndicatorAnimationBallRotate.swift in Sources */ = {isa = PBXBuildFile; fileRef = 75B5224B1D9B533B009825AD /* NVActivityIndicatorAnimationBallRotate.swift */; };
		75B522731D9B533B009825AD /* NVActivityIndicatorAnimationBallRotateChase.swift in Sources */ = {isa = PBXBuildFile; fileRef = 75B5224C1D9B533B009825AD /* NVActivityIndicatorAnimationBallRotateChase.swift */; };
		75B522741D9B533B009825AD /* NVActivityIndicatorAnimationBallScale.swift in Sources */ = {isa = PBXBuildFile; fileRef = 75B5224D1D9B533B009825AD /* NVActivityIndicatorAnimationBallScale.swift */; };
		75B522751D9B533B009825AD /* NVActivityIndicatorAnimationBallScaleMultiple.swift in Sources */ = {isa = PBXBuildFile; fileRef = 75B5224E1D9B533B009825AD /* NVActivityIndicatorAnimationBallScaleMultiple.swift */; };
		75B522761D9B533B009825AD /* NVActivityIndicatorAnimationBallScaleRipple.swift in Sources */ = {isa = PBXBuildFile; fileRef = 75B5224F1D9B533B009825AD /* NVActivityIndicatorAnimationBallScaleRipple.swift */; };
		75B522771D9B533B009825AD /* NVActivityIndicatorAnimationBallScaleRippleMultiple.swift in Sources */ = {isa = PBXBuildFile; fileRef = 75B522501D9B533B009825AD /* NVActivityIndicatorAnimationBallScaleRippleMultiple.swift */; };
		75B522781D9B533B009825AD /* NVActivityIndicatorAnimationBallSpinFadeLoader.swift in Sources */ = {isa = PBXBuildFile; fileRef = 75B522511D9B533B009825AD /* NVActivityIndicatorAnimationBallSpinFadeLoader.swift */; };
		75B522791D9B533B009825AD /* NVActivityIndicatorAnimationBallTrianglePath.swift in Sources */ = {isa = PBXBuildFile; fileRef = 75B522521D9B533B009825AD /* NVActivityIndicatorAnimationBallTrianglePath.swift */; };
		75B5227A1D9B533B009825AD /* NVActivityIndicatorAnimationBallZigZag.swift in Sources */ = {isa = PBXBuildFile; fileRef = 75B522531D9B533B009825AD /* NVActivityIndicatorAnimationBallZigZag.swift */; };
		75B5227B1D9B533B009825AD /* NVActivityIndicatorAnimationBallZigZagDeflect.swift in Sources */ = {isa = PBXBuildFile; fileRef = 75B522541D9B533B009825AD /* NVActivityIndicatorAnimationBallZigZagDeflect.swift */; };
		75B5227C1D9B533B009825AD /* NVActivityIndicatorAnimationBlank.swift in Sources */ = {isa = PBXBuildFile; fileRef = 75B522551D9B533B009825AD /* NVActivityIndicatorAnimationBlank.swift */; };
		75B5227D1D9B533B009825AD /* NVActivityIndicatorAnimationCubeTransition.swift in Sources */ = {isa = PBXBuildFile; fileRef = 75B522561D9B533B009825AD /* NVActivityIndicatorAnimationCubeTransition.swift */; };
		75B5227E1D9B533B009825AD /* NVActivityIndicatorAnimationLineScale.swift in Sources */ = {isa = PBXBuildFile; fileRef = 75B522571D9B533B009825AD /* NVActivityIndicatorAnimationLineScale.swift */; };
		75B5227F1D9B533B009825AD /* NVActivityIndicatorAnimationLineScaleParty.swift in Sources */ = {isa = PBXBuildFile; fileRef = 75B522581D9B533B009825AD /* NVActivityIndicatorAnimationLineScaleParty.swift */; };
		75B522801D9B533B009825AD /* NVActivityIndicatorAnimationLineScalePulseOut.swift in Sources */ = {isa = PBXBuildFile; fileRef = 75B522591D9B533B009825AD /* NVActivityIndicatorAnimationLineScalePulseOut.swift */; };
		75B522811D9B533B009825AD /* NVActivityIndicatorAnimationLineScalePulseOutRapid.swift in Sources */ = {isa = PBXBuildFile; fileRef = 75B5225A1D9B533B009825AD /* NVActivityIndicatorAnimationLineScalePulseOutRapid.swift */; };
		75B522821D9B533B009825AD /* NVActivityIndicatorAnimationLineSpinFadeLoader.swift in Sources */ = {isa = PBXBuildFile; fileRef = 75B5225B1D9B533B009825AD /* NVActivityIndicatorAnimationLineSpinFadeLoader.swift */; };
		75B522831D9B533B009825AD /* NVActivityIndicatorAnimationOrbit.swift in Sources */ = {isa = PBXBuildFile; fileRef = 75B5225C1D9B533B009825AD /* NVActivityIndicatorAnimationOrbit.swift */; };
		75B522841D9B533B009825AD /* NVActivityIndicatorAnimationPacman.swift in Sources */ = {isa = PBXBuildFile; fileRef = 75B5225D1D9B533B009825AD /* NVActivityIndicatorAnimationPacman.swift */; };
		75B522851D9B533B009825AD /* NVActivityIndicatorAnimationSemiCircleSpin.swift in Sources */ = {isa = PBXBuildFile; fileRef = 75B5225E1D9B533B009825AD /* NVActivityIndicatorAnimationSemiCircleSpin.swift */; };
		75B522861D9B533B009825AD /* NVActivityIndicatorAnimationSquareSpin.swift in Sources */ = {isa = PBXBuildFile; fileRef = 75B5225F1D9B533B009825AD /* NVActivityIndicatorAnimationSquareSpin.swift */; };
		75B522871D9B533B009825AD /* NVActivityIndicatorAnimationTriangleSkewSpin.swift in Sources */ = {isa = PBXBuildFile; fileRef = 75B522601D9B533B009825AD /* NVActivityIndicatorAnimationTriangleSkewSpin.swift */; };
		75B522881D9B533B009825AD /* Info.plist in Resources */ = {isa = PBXBuildFile; fileRef = 75B522611D9B533B009825AD /* Info.plist */; };
		75B522891D9B533B009825AD /* NVActivityIndicatorAnimationDelegate.swift in Sources */ = {isa = PBXBuildFile; fileRef = 75B522621D9B533B009825AD /* NVActivityIndicatorAnimationDelegate.swift */; };
		75B5228A1D9B533B009825AD /* NVActivityIndicatorPresenter.swift in Sources */ = {isa = PBXBuildFile; fileRef = 75B522631D9B533B009825AD /* NVActivityIndicatorPresenter.swift */; };
		75B5228B1D9B533B009825AD /* NVActivityIndicatorShape.swift in Sources */ = {isa = PBXBuildFile; fileRef = 75B522641D9B533B009825AD /* NVActivityIndicatorShape.swift */; };
		75B5228C1D9B533B009825AD /* NVActivityIndicatorView.swift in Sources */ = {isa = PBXBuildFile; fileRef = 75B522661D9B533B009825AD /* NVActivityIndicatorView.swift */; };
		75B5228D1D9B533B009825AD /* NVActivityIndicatorViewable.swift in Sources */ = {isa = PBXBuildFile; fileRef = 75B522671D9B533B009825AD /* NVActivityIndicatorViewable.swift */; };
		75F7B5D21DACA2B30071DB8A /* Assets.xcassets in Resources */ = {isa = PBXBuildFile; fileRef = 75F7B5D11DACA2B30071DB8A /* Assets.xcassets */; };
/* End PBXBuildFile section */

/* Begin PBXContainerItemProxy section */
		756A152C1DDBE25B001D4D33 /* PBXContainerItemProxy */ = {
			isa = PBXContainerItemProxy;
			containerPortal = 756E13991D9B1E2600540A39 /* Project object */;
			proxyType = 1;
			remoteGlobalIDString = 756E13A01D9B1E2600540A39;
			remoteInfo = Kilargo;
		};
/* End PBXContainerItemProxy section */

/* Begin PBXFileReference section */
		66E258190DAEC5DD0C5D4742 /* Pods-Kilargo.release.xcconfig */ = {isa = PBXFileReference; includeInIndex = 1; lastKnownFileType = text.xcconfig; name = "Pods-Kilargo.release.xcconfig"; path = "Pods/Target Support Files/Pods-Kilargo/Pods-Kilargo.release.xcconfig"; sourceTree = "<group>"; };
		7538BE661DF0F8D2009A12A7 /* Base */ = {isa = PBXFileReference; lastKnownFileType = file.storyboard; name = Base; path = Base.lproj/Launcher.storyboard; sourceTree = "<group>"; };
		756A15271DDBE25B001D4D33 /* KilargoTests.xctest */ = {isa = PBXFileReference; explicitFileType = wrapper.cfbundle; includeInIndex = 0; path = KilargoTests.xctest; sourceTree = BUILT_PRODUCTS_DIR; };
		756A15291DDBE25B001D4D33 /* KilargoTests.swift */ = {isa = PBXFileReference; lastKnownFileType = sourcecode.swift; path = KilargoTests.swift; sourceTree = "<group>"; };
		756A152B1DDBE25B001D4D33 /* Info.plist */ = {isa = PBXFileReference; lastKnownFileType = text.plist.xml; path = Info.plist; sourceTree = "<group>"; };
		756E13A11D9B1E2600540A39 /* Kilargo.app */ = {isa = PBXFileReference; explicitFileType = wrapper.application; includeInIndex = 0; path = Kilargo.app; sourceTree = BUILT_PRODUCTS_DIR; };
		756E13A41D9B1E2600540A39 /* AppDelegate.swift */ = {isa = PBXFileReference; lastKnownFileType = sourcecode.swift; path = AppDelegate.swift; sourceTree = "<group>"; };
		756E13A91D9B1E2600540A39 /* Base */ = {isa = PBXFileReference; lastKnownFileType = file.storyboard; name = Base; path = Base.lproj/Main.storyboard; sourceTree = "<group>"; };
		756E13AE1D9B1E2600540A39 /* Base */ = {isa = PBXFileReference; lastKnownFileType = file.storyboard; name = Base; path = Base.lproj/AboutApp.storyboard; sourceTree = "<group>"; };
		756E13B01D9B1E2600540A39 /* Info.plist */ = {isa = PBXFileReference; lastKnownFileType = text.plist.xml; path = Info.plist; sourceTree = "<group>"; };
		757293E81D9C8A7400671CB2 /* DropdownSearchResultCell.swift */ = {isa = PBXFileReference; fileEncoding = 4; lastKnownFileType = sourcecode.swift; path = DropdownSearchResultCell.swift; sourceTree = "<group>"; };
		757293E91D9C8A7400671CB2 /* DropdownSearchResultCell.xib */ = {isa = PBXFileReference; fileEncoding = 4; lastKnownFileType = file.xib; path = DropdownSearchResultCell.xib; sourceTree = "<group>"; };
		757293EC1D9CD00D00671CB2 /* InfoDialogCell.swift */ = {isa = PBXFileReference; fileEncoding = 4; lastKnownFileType = sourcecode.swift; name = InfoDialogCell.swift; path = ../InfoDialogCell.swift; sourceTree = "<group>"; };
		757293ED1D9CD00D00671CB2 /* InfoDialogCell.xib */ = {isa = PBXFileReference; fileEncoding = 4; lastKnownFileType = file.xib; name = InfoDialogCell.xib; path = ../InfoDialogCell.xib; sourceTree = "<group>"; };
		7591D6AC1D9B583100972087 /* AboutViewController.swift */ = {isa = PBXFileReference; fileEncoding = 4; lastKnownFileType = sourcecode.swift; path = AboutViewController.swift; sourceTree = "<group>"; };
		7591D6AD1D9B583100972087 /* CarouselImageViewController.swift */ = {isa = PBXFileReference; fileEncoding = 4; lastKnownFileType = sourcecode.swift; path = CarouselImageViewController.swift; sourceTree = "<group>"; };
		7591D6AE1D9B583100972087 /* ExSlideMenuController.swift */ = {isa = PBXFileReference; fileEncoding = 4; lastKnownFileType = sourcecode.swift; path = ExSlideMenuController.swift; sourceTree = "<group>"; };
		7591D6AF1D9B583100972087 /* HomeViewController.swift */ = {isa = PBXFileReference; fileEncoding = 4; lastKnownFileType = sourcecode.swift; path = HomeViewController.swift; sourceTree = "<group>"; };
		7591D6B01D9B583100972087 /* LeftViewController.swift */ = {isa = PBXFileReference; fileEncoding = 4; lastKnownFileType = sourcecode.swift; path = LeftViewController.swift; sourceTree = "<group>"; };
		7591D6B11D9B583100972087 /* MainViewController.swift */ = {isa = PBXFileReference; fileEncoding = 4; lastKnownFileType = sourcecode.swift; path = MainViewController.swift; sourceTree = "<group>"; };
		7591D6B21D9B583100972087 /* ProductDesViewController.swift */ = {isa = PBXFileReference; fileEncoding = 4; lastKnownFileType = sourcecode.swift; path = ProductDesViewController.swift; sourceTree = "<group>"; };
		7591D6B31D9B583100972087 /* ProductViewController.swift */ = {isa = PBXFileReference; fileEncoding = 4; lastKnownFileType = sourcecode.swift; path = ProductViewController.swift; sourceTree = "<group>"; };
		7591D6B41D9B583100972087 /* SettingViewController.swift */ = {isa = PBXFileReference; fileEncoding = 4; lastKnownFileType = sourcecode.swift; path = SettingViewController.swift; sourceTree = "<group>"; };
		7591D6B51D9B583100972087 /* SubViewController.swift */ = {isa = PBXFileReference; fileEncoding = 4; lastKnownFileType = sourcecode.swift; path = SubViewController.swift; sourceTree = "<group>"; };
		7591D6C11D9B586100972087 /* JsonFetcher.swift */ = {isa = PBXFileReference; fileEncoding = 4; lastKnownFileType = sourcecode.swift; path = JsonFetcher.swift; sourceTree = "<group>"; };
		7591D6C21D9B586100972087 /* Category.swift */ = {isa = PBXFileReference; fileEncoding = 4; lastKnownFileType = sourcecode.swift; path = Category.swift; sourceTree = "<group>"; };
		7591D6C31D9B586100972087 /* Product.swift */ = {isa = PBXFileReference; fileEncoding = 4; lastKnownFileType = sourcecode.swift; path = Product.swift; sourceTree = "<group>"; };
		7591D6C41D9B586100972087 /* SubCategory.swift */ = {isa = PBXFileReference; fileEncoding = 4; lastKnownFileType = sourcecode.swift; path = SubCategory.swift; sourceTree = "<group>"; };
		7591D6CB1D9B58FF00972087 /* BaseViewController.swift */ = {isa = PBXFileReference; fileEncoding = 4; lastKnownFileType = sourcecode.swift; path = BaseViewController.swift; sourceTree = "<group>"; };
		7591D6CC1D9B58FF00972087 /* StringExtension.swift */ = {isa = PBXFileReference; fileEncoding = 4; lastKnownFileType = sourcecode.swift; path = StringExtension.swift; sourceTree = "<group>"; };
		7591D6CD1D9B58FF00972087 /* UIApplicationExtension.swift */ = {isa = PBXFileReference; fileEncoding = 4; lastKnownFileType = sourcecode.swift; path = UIApplicationExtension.swift; sourceTree = "<group>"; };
		7591D6CE1D9B58FF00972087 /* UIColorExtension.swift */ = {isa = PBXFileReference; fileEncoding = 4; lastKnownFileType = sourcecode.swift; path = UIColorExtension.swift; sourceTree = "<group>"; };
		7591D6CF1D9B58FF00972087 /* UITableViewExtension.swift */ = {isa = PBXFileReference; fileEncoding = 4; lastKnownFileType = sourcecode.swift; path = UITableViewExtension.swift; sourceTree = "<group>"; };
		7591D6D01D9B58FF00972087 /* UIViewControllerExtension.swift */ = {isa = PBXFileReference; fileEncoding = 4; lastKnownFileType = sourcecode.swift; path = UIViewControllerExtension.swift; sourceTree = "<group>"; };
		7591D6D11D9B58FF00972087 /* Global.swift */ = {isa = PBXFileReference; fileEncoding = 4; lastKnownFileType = sourcecode.swift; path = Global.swift; sourceTree = "<group>"; };
		7591D6D41D9B58FF00972087 /* CarouselCollectionViewCell.swift */ = {isa = PBXFileReference; fileEncoding = 4; lastKnownFileType = sourcecode.swift; path = CarouselCollectionViewCell.swift; sourceTree = "<group>"; };
		7591D6D51D9B58FF00972087 /* LeftTableViewCell.swift */ = {isa = PBXFileReference; fileEncoding = 4; lastKnownFileType = sourcecode.swift; path = LeftTableViewCell.swift; sourceTree = "<group>"; };
		7591D6D61D9B58FF00972087 /* MenuItemCell.swift */ = {isa = PBXFileReference; fileEncoding = 4; lastKnownFileType = sourcecode.swift; path = MenuItemCell.swift; sourceTree = "<group>"; };
		7591D6D71D9B58FF00972087 /* SubMenuItemCell.swift */ = {isa = PBXFileReference; fileEncoding = 4; lastKnownFileType = sourcecode.swift; path = SubMenuItemCell.swift; sourceTree = "<group>"; };
		7591D6D81D9B58FF00972087 /* PullToRefreshBeatAnimator.swift */ = {isa = PBXFileReference; fileEncoding = 4; lastKnownFileType = sourcecode.swift; path = PullToRefreshBeatAnimator.swift; sourceTree = "<group>"; };
		7591D6D91D9B58FF00972087 /* SearchResultCell.swift */ = {isa = PBXFileReference; fileEncoding = 4; lastKnownFileType = sourcecode.swift; name = SearchResultCell.swift; path = ../SearchResultCell.swift; sourceTree = "<group>"; };
		7591D6DA1D9B58FF00972087 /* SearchResultCell.xib */ = {isa = PBXFileReference; fileEncoding = 4; lastKnownFileType = file.xib; name = SearchResultCell.xib; path = ../SearchResultCell.xib; sourceTree = "<group>"; };
		7591D6DB1D9B58FF00972087 /* UIButton.swift */ = {isa = PBXFileReference; fileEncoding = 4; lastKnownFileType = sourcecode.swift; path = UIButton.swift; sourceTree = "<group>"; };
		7591D6DC1D9B58FF00972087 /* UIView+Rounded.swift */ = {isa = PBXFileReference; fileEncoding = 4; lastKnownFileType = sourcecode.swift; path = "UIView+Rounded.swift"; sourceTree = "<group>"; };
		75B522411D9B533B009825AD /* NVActivityIndicatorAnimationAudioEqualizer.swift */ = {isa = PBXFileReference; fileEncoding = 4; lastKnownFileType = sourcecode.swift; path = NVActivityIndicatorAnimationAudioEqualizer.swift; sourceTree = "<group>"; };
		75B522421D9B533B009825AD /* NVActivityIndicatorAnimationBallBeat.swift */ = {isa = PBXFileReference; fileEncoding = 4; lastKnownFileType = sourcecode.swift; path = NVActivityIndicatorAnimationBallBeat.swift; sourceTree = "<group>"; };
		75B522431D9B533B009825AD /* NVActivityIndicatorAnimationBallClipRotate.swift */ = {isa = PBXFileReference; fileEncoding = 4; lastKnownFileType = sourcecode.swift; path = NVActivityIndicatorAnimationBallClipRotate.swift; sourceTree = "<group>"; };
		75B522441D9B533B009825AD /* NVActivityIndicatorAnimationBallClipRotateMultiple.swift */ = {isa = PBXFileReference; fileEncoding = 4; lastKnownFileType = sourcecode.swift; path = NVActivityIndicatorAnimationBallClipRotateMultiple.swift; sourceTree = "<group>"; };
		75B522451D9B533B009825AD /* NVActivityIndicatorAnimationBallClipRotatePulse.swift */ = {isa = PBXFileReference; fileEncoding = 4; lastKnownFileType = sourcecode.swift; path = NVActivityIndicatorAnimationBallClipRotatePulse.swift; sourceTree = "<group>"; };
		75B522461D9B533B009825AD /* NVActivityIndicatorAnimationBallGridBeat.swift */ = {isa = PBXFileReference; fileEncoding = 4; lastKnownFileType = sourcecode.swift; path = NVActivityIndicatorAnimationBallGridBeat.swift; sourceTree = "<group>"; };
		75B522471D9B533B009825AD /* NVActivityIndicatorAnimationBallGridPulse.swift */ = {isa = PBXFileReference; fileEncoding = 4; lastKnownFileType = sourcecode.swift; path = NVActivityIndicatorAnimationBallGridPulse.swift; sourceTree = "<group>"; };
		75B522481D9B533B009825AD /* NVActivityIndicatorAnimationBallPulse.swift */ = {isa = PBXFileReference; fileEncoding = 4; lastKnownFileType = sourcecode.swift; path = NVActivityIndicatorAnimationBallPulse.swift; sourceTree = "<group>"; };
		75B522491D9B533B009825AD /* NVActivityIndicatorAnimationBallPulseRise.swift */ = {isa = PBXFileReference; fileEncoding = 4; lastKnownFileType = sourcecode.swift; path = NVActivityIndicatorAnimationBallPulseRise.swift; sourceTree = "<group>"; };
		75B5224A1D9B533B009825AD /* NVActivityIndicatorAnimationBallPulseSync.swift */ = {isa = PBXFileReference; fileEncoding = 4; lastKnownFileType = sourcecode.swift; path = NVActivityIndicatorAnimationBallPulseSync.swift; sourceTree = "<group>"; };
		75B5224B1D9B533B009825AD /* NVActivityIndicatorAnimationBallRotate.swift */ = {isa = PBXFileReference; fileEncoding = 4; lastKnownFileType = sourcecode.swift; path = NVActivityIndicatorAnimationBallRotate.swift; sourceTree = "<group>"; };
		75B5224C1D9B533B009825AD /* NVActivityIndicatorAnimationBallRotateChase.swift */ = {isa = PBXFileReference; fileEncoding = 4; lastKnownFileType = sourcecode.swift; path = NVActivityIndicatorAnimationBallRotateChase.swift; sourceTree = "<group>"; };
		75B5224D1D9B533B009825AD /* NVActivityIndicatorAnimationBallScale.swift */ = {isa = PBXFileReference; fileEncoding = 4; lastKnownFileType = sourcecode.swift; path = NVActivityIndicatorAnimationBallScale.swift; sourceTree = "<group>"; };
		75B5224E1D9B533B009825AD /* NVActivityIndicatorAnimationBallScaleMultiple.swift */ = {isa = PBXFileReference; fileEncoding = 4; lastKnownFileType = sourcecode.swift; path = NVActivityIndicatorAnimationBallScaleMultiple.swift; sourceTree = "<group>"; };
		75B5224F1D9B533B009825AD /* NVActivityIndicatorAnimationBallScaleRipple.swift */ = {isa = PBXFileReference; fileEncoding = 4; lastKnownFileType = sourcecode.swift; path = NVActivityIndicatorAnimationBallScaleRipple.swift; sourceTree = "<group>"; };
		75B522501D9B533B009825AD /* NVActivityIndicatorAnimationBallScaleRippleMultiple.swift */ = {isa = PBXFileReference; fileEncoding = 4; lastKnownFileType = sourcecode.swift; path = NVActivityIndicatorAnimationBallScaleRippleMultiple.swift; sourceTree = "<group>"; };
		75B522511D9B533B009825AD /* NVActivityIndicatorAnimationBallSpinFadeLoader.swift */ = {isa = PBXFileReference; fileEncoding = 4; lastKnownFileType = sourcecode.swift; path = NVActivityIndicatorAnimationBallSpinFadeLoader.swift; sourceTree = "<group>"; };
		75B522521D9B533B009825AD /* NVActivityIndicatorAnimationBallTrianglePath.swift */ = {isa = PBXFileReference; fileEncoding = 4; lastKnownFileType = sourcecode.swift; path = NVActivityIndicatorAnimationBallTrianglePath.swift; sourceTree = "<group>"; };
		75B522531D9B533B009825AD /* NVActivityIndicatorAnimationBallZigZag.swift */ = {isa = PBXFileReference; fileEncoding = 4; lastKnownFileType = sourcecode.swift; path = NVActivityIndicatorAnimationBallZigZag.swift; sourceTree = "<group>"; };
		75B522541D9B533B009825AD /* NVActivityIndicatorAnimationBallZigZagDeflect.swift */ = {isa = PBXFileReference; fileEncoding = 4; lastKnownFileType = sourcecode.swift; path = NVActivityIndicatorAnimationBallZigZagDeflect.swift; sourceTree = "<group>"; };
		75B522551D9B533B009825AD /* NVActivityIndicatorAnimationBlank.swift */ = {isa = PBXFileReference; fileEncoding = 4; lastKnownFileType = sourcecode.swift; path = NVActivityIndicatorAnimationBlank.swift; sourceTree = "<group>"; };
		75B522561D9B533B009825AD /* NVActivityIndicatorAnimationCubeTransition.swift */ = {isa = PBXFileReference; fileEncoding = 4; lastKnownFileType = sourcecode.swift; path = NVActivityIndicatorAnimationCubeTransition.swift; sourceTree = "<group>"; };
		75B522571D9B533B009825AD /* NVActivityIndicatorAnimationLineScale.swift */ = {isa = PBXFileReference; fileEncoding = 4; lastKnownFileType = sourcecode.swift; path = NVActivityIndicatorAnimationLineScale.swift; sourceTree = "<group>"; };
		75B522581D9B533B009825AD /* NVActivityIndicatorAnimationLineScaleParty.swift */ = {isa = PBXFileReference; fileEncoding = 4; lastKnownFileType = sourcecode.swift; path = NVActivityIndicatorAnimationLineScaleParty.swift; sourceTree = "<group>"; };
		75B522591D9B533B009825AD /* NVActivityIndicatorAnimationLineScalePulseOut.swift */ = {isa = PBXFileReference; fileEncoding = 4; lastKnownFileType = sourcecode.swift; path = NVActivityIndicatorAnimationLineScalePulseOut.swift; sourceTree = "<group>"; };
		75B5225A1D9B533B009825AD /* NVActivityIndicatorAnimationLineScalePulseOutRapid.swift */ = {isa = PBXFileReference; fileEncoding = 4; lastKnownFileType = sourcecode.swift; path = NVActivityIndicatorAnimationLineScalePulseOutRapid.swift; sourceTree = "<group>"; };
		75B5225B1D9B533B009825AD /* NVActivityIndicatorAnimationLineSpinFadeLoader.swift */ = {isa = PBXFileReference; fileEncoding = 4; lastKnownFileType = sourcecode.swift; path = NVActivityIndicatorAnimationLineSpinFadeLoader.swift; sourceTree = "<group>"; };
		75B5225C1D9B533B009825AD /* NVActivityIndicatorAnimationOrbit.swift */ = {isa = PBXFileReference; fileEncoding = 4; lastKnownFileType = sourcecode.swift; path = NVActivityIndicatorAnimationOrbit.swift; sourceTree = "<group>"; };
		75B5225D1D9B533B009825AD /* NVActivityIndicatorAnimationPacman.swift */ = {isa = PBXFileReference; fileEncoding = 4; lastKnownFileType = sourcecode.swift; path = NVActivityIndicatorAnimationPacman.swift; sourceTree = "<group>"; };
		75B5225E1D9B533B009825AD /* NVActivityIndicatorAnimationSemiCircleSpin.swift */ = {isa = PBXFileReference; fileEncoding = 4; lastKnownFileType = sourcecode.swift; path = NVActivityIndicatorAnimationSemiCircleSpin.swift; sourceTree = "<group>"; };
		75B5225F1D9B533B009825AD /* NVActivityIndicatorAnimationSquareSpin.swift */ = {isa = PBXFileReference; fileEncoding = 4; lastKnownFileType = sourcecode.swift; path = NVActivityIndicatorAnimationSquareSpin.swift; sourceTree = "<group>"; };
		75B522601D9B533B009825AD /* NVActivityIndicatorAnimationTriangleSkewSpin.swift */ = {isa = PBXFileReference; fileEncoding = 4; lastKnownFileType = sourcecode.swift; path = NVActivityIndicatorAnimationTriangleSkewSpin.swift; sourceTree = "<group>"; };
		75B522611D9B533B009825AD /* Info.plist */ = {isa = PBXFileReference; fileEncoding = 4; lastKnownFileType = text.plist.xml; path = Info.plist; sourceTree = "<group>"; };
		75B522621D9B533B009825AD /* NVActivityIndicatorAnimationDelegate.swift */ = {isa = PBXFileReference; fileEncoding = 4; lastKnownFileType = sourcecode.swift; path = NVActivityIndicatorAnimationDelegate.swift; sourceTree = "<group>"; };
		75B522631D9B533B009825AD /* NVActivityIndicatorPresenter.swift */ = {isa = PBXFileReference; fileEncoding = 4; lastKnownFileType = sourcecode.swift; path = NVActivityIndicatorPresenter.swift; sourceTree = "<group>"; };
		75B522641D9B533B009825AD /* NVActivityIndicatorShape.swift */ = {isa = PBXFileReference; fileEncoding = 4; lastKnownFileType = sourcecode.swift; path = NVActivityIndicatorShape.swift; sourceTree = "<group>"; };
		75B522651D9B533B009825AD /* NVActivityIndicatorView.h */ = {isa = PBXFileReference; fileEncoding = 4; lastKnownFileType = sourcecode.c.h; path = NVActivityIndicatorView.h; sourceTree = "<group>"; };
		75B522661D9B533B009825AD /* NVActivityIndicatorView.swift */ = {isa = PBXFileReference; fileEncoding = 4; lastKnownFileType = sourcecode.swift; path = NVActivityIndicatorView.swift; sourceTree = "<group>"; };
		75B522671D9B533B009825AD /* NVActivityIndicatorViewable.swift */ = {isa = PBXFileReference; fileEncoding = 4; lastKnownFileType = sourcecode.swift; path = NVActivityIndicatorViewable.swift; sourceTree = "<group>"; };
		75F7B5D11DACA2B30071DB8A /* Assets.xcassets */ = {isa = PBXFileReference; lastKnownFileType = folder.assetcatalog; path = Assets.xcassets; sourceTree = "<group>"; };
		B846E857F10D6855F658B373 /* Pods-Kilargo.debug.xcconfig */ = {isa = PBXFileReference; includeInIndex = 1; lastKnownFileType = text.xcconfig; name = "Pods-Kilargo.debug.xcconfig"; path = "Pods/Target Support Files/Pods-Kilargo/Pods-Kilargo.debug.xcconfig"; sourceTree = "<group>"; };
		DFFF4B32E6A6A340C29B6A99 /* Pods_Kilargo.framework */ = {isa = PBXFileReference; explicitFileType = wrapper.framework; includeInIndex = 0; path = Pods_Kilargo.framework; sourceTree = BUILT_PRODUCTS_DIR; };
/* End PBXFileReference section */

/* Begin PBXFrameworksBuildPhase section */
		756A15241DDBE25B001D4D33 /* Frameworks */ = {
			isa = PBXFrameworksBuildPhase;
			buildActionMask = 2147483647;
			files = (
			);
			runOnlyForDeploymentPostprocessing = 0;
		};
		756E139E1D9B1E2600540A39 /* Frameworks */ = {
			isa = PBXFrameworksBuildPhase;
			buildActionMask = 2147483647;
			files = (
				15C9CE9773DCB7BC4A8D2FAD /* Pods_Kilargo.framework in Frameworks */,
			);
			runOnlyForDeploymentPostprocessing = 0;
		};
/* End PBXFrameworksBuildPhase section */

/* Begin PBXGroup section */
		3D794C50230B669C7499F0CE /* Pods */ = {
			isa = PBXGroup;
			children = (
				B846E857F10D6855F658B373 /* Pods-Kilargo.debug.xcconfig */,
				66E258190DAEC5DD0C5D4742 /* Pods-Kilargo.release.xcconfig */,
			);
			name = Pods;
			sourceTree = "<group>";
		};
		756A15281DDBE25B001D4D33 /* KilargoTests */ = {
			isa = PBXGroup;
			children = (
				756A15291DDBE25B001D4D33 /* KilargoTests.swift */,
				756A152B1DDBE25B001D4D33 /* Info.plist */,
			);
			path = KilargoTests;
			sourceTree = "<group>";
		};
		756E13981D9B1E2600540A39 = {
			isa = PBXGroup;
			children = (
				756E13A31D9B1E2600540A39 /* Kilargo */,
				75B5223E1D9B533B009825AD /* Vendor */,
				756A15281DDBE25B001D4D33 /* KilargoTests */,
				756E13A21D9B1E2600540A39 /* Products */,
				3D794C50230B669C7499F0CE /* Pods */,
				D9EBAFA611450C65962D330D /* Frameworks */,
			);
			sourceTree = "<group>";
		};
		756E13A21D9B1E2600540A39 /* Products */ = {
			isa = PBXGroup;
			children = (
				756E13A11D9B1E2600540A39 /* Kilargo.app */,
				756A15271DDBE25B001D4D33 /* KilargoTests.xctest */,
			);
			name = Products;
			sourceTree = "<group>";
		};
		756E13A31D9B1E2600540A39 /* Kilargo */ = {
			isa = PBXGroup;
			children = (
				7591D6AB1D9B583100972087 /* Controller */,
				7591D6C91D9B58FF00972087 /* Common */,
				7591D6C01D9B586100972087 /* Model */,
				756E13A41D9B1E2600540A39 /* AppDelegate.swift */,
				75F7B5D11DACA2B30071DB8A /* Assets.xcassets */,
				756E13A81D9B1E2600540A39 /* Main.storyboard */,
				756E13AD1D9B1E2600540A39 /* AboutApp.storyboard */,
				7538BE651DF0F8D2009A12A7 /* Launcher.storyboard */,
				756E13B01D9B1E2600540A39 /* Info.plist */,
			);
			path = Kilargo;
			sourceTree = "<group>";
		};
		7591D6AB1D9B583100972087 /* Controller */ = {
			isa = PBXGroup;
			children = (
				7591D6AF1D9B583100972087 /* HomeViewController.swift */,
				7591D6B11D9B583100972087 /* MainViewController.swift */,
				7591D6B51D9B583100972087 /* SubViewController.swift */,
				7591D6AC1D9B583100972087 /* AboutViewController.swift */,
				7591D6AD1D9B583100972087 /* CarouselImageViewController.swift */,
				7591D6AE1D9B583100972087 /* ExSlideMenuController.swift */,
				7591D6B01D9B583100972087 /* LeftViewController.swift */,
				7591D6B21D9B583100972087 /* ProductDesViewController.swift */,
				7591D6B31D9B583100972087 /* ProductViewController.swift */,
				7591D6B41D9B583100972087 /* SettingViewController.swift */,
			);
			path = Controller;
			sourceTree = "<group>";
		};
		7591D6C01D9B586100972087 /* Model */ = {
			isa = PBXGroup;
			children = (
				7591D6C11D9B586100972087 /* JsonFetcher.swift */,
				7591D6C21D9B586100972087 /* Category.swift */,
				7591D6C41D9B586100972087 /* SubCategory.swift */,
				7591D6C31D9B586100972087 /* Product.swift */,
			);
			name = Model;
			path = Kilargo/Model;
			sourceTree = SOURCE_ROOT;
		};
		7591D6C91D9B58FF00972087 /* Common */ = {
			isa = PBXGroup;
			children = (
				7591D6CA1D9B58FF00972087 /* Extension + Base */,
				7591D6D11D9B58FF00972087 /* Global.swift */,
				7591D6D21D9B58FF00972087 /* Widget */,
			);
			path = Common;
			sourceTree = "<group>";
		};
		7591D6CA1D9B58FF00972087 /* Extension + Base */ = {
			isa = PBXGroup;
			children = (
				7591D6CB1D9B58FF00972087 /* BaseViewController.swift */,
				7591D6D01D9B58FF00972087 /* UIViewControllerExtension.swift */,
				7591D6CC1D9B58FF00972087 /* StringExtension.swift */,
				7591D6CD1D9B58FF00972087 /* UIApplicationExtension.swift */,
				7591D6CE1D9B58FF00972087 /* UIColorExtension.swift */,
				7591D6CF1D9B58FF00972087 /* UITableViewExtension.swift */,
			);
			path = "Extension + Base";
			sourceTree = "<group>";
		};
		7591D6D21D9B58FF00972087 /* Widget */ = {
			isa = PBXGroup;
			children = (
				7591D6D31D9B58FF00972087 /* Cell */,
				7591D6D81D9B58FF00972087 /* PullToRefreshBeatAnimator.swift */,
				7591D6DB1D9B58FF00972087 /* UIButton.swift */,
				7591D6DC1D9B58FF00972087 /* UIView+Rounded.swift */,
			);
			path = Widget;
			sourceTree = "<group>";
		};
		7591D6D31D9B58FF00972087 /* Cell */ = {
			isa = PBXGroup;
			children = (
				757293E81D9C8A7400671CB2 /* DropdownSearchResultCell.swift */,
				757293E91D9C8A7400671CB2 /* DropdownSearchResultCell.xib */,
				7591D6D41D9B58FF00972087 /* CarouselCollectionViewCell.swift */,
				7591D6D51D9B58FF00972087 /* LeftTableViewCell.swift */,
				7591D6D61D9B58FF00972087 /* MenuItemCell.swift */,
				7591D6D71D9B58FF00972087 /* SubMenuItemCell.swift */,
				7591D6D91D9B58FF00972087 /* SearchResultCell.swift */,
				7591D6DA1D9B58FF00972087 /* SearchResultCell.xib */,
				757293EC1D9CD00D00671CB2 /* InfoDialogCell.swift */,
				757293ED1D9CD00D00671CB2 /* InfoDialogCell.xib */,
			);
			path = Cell;
			sourceTree = "<group>";
		};
		75B5223E1D9B533B009825AD /* Vendor */ = {
			isa = PBXGroup;
			children = (
				75B5223F1D9B533B009825AD /* NVActivityIndicatorView */,
			);
			path = Vendor;
			sourceTree = "<group>";
		};
		75B5223F1D9B533B009825AD /* NVActivityIndicatorView */ = {
			isa = PBXGroup;
			children = (
				75B522401D9B533B009825AD /* Animations */,
				75B522611D9B533B009825AD /* Info.plist */,
				75B522621D9B533B009825AD /* NVActivityIndicatorAnimationDelegate.swift */,
				75B522631D9B533B009825AD /* NVActivityIndicatorPresenter.swift */,
				75B522641D9B533B009825AD /* NVActivityIndicatorShape.swift */,
				75B522651D9B533B009825AD /* NVActivityIndicatorView.h */,
				75B522661D9B533B009825AD /* NVActivityIndicatorView.swift */,
				75B522671D9B533B009825AD /* NVActivityIndicatorViewable.swift */,
			);
			path = NVActivityIndicatorView;
			sourceTree = "<group>";
		};
		75B522401D9B533B009825AD /* Animations */ = {
			isa = PBXGroup;
			children = (
				75B522411D9B533B009825AD /* NVActivityIndicatorAnimationAudioEqualizer.swift */,
				75B522421D9B533B009825AD /* NVActivityIndicatorAnimationBallBeat.swift */,
				75B522431D9B533B009825AD /* NVActivityIndicatorAnimationBallClipRotate.swift */,
				75B522441D9B533B009825AD /* NVActivityIndicatorAnimationBallClipRotateMultiple.swift */,
				75B522451D9B533B009825AD /* NVActivityIndicatorAnimationBallClipRotatePulse.swift */,
				75B522461D9B533B009825AD /* NVActivityIndicatorAnimationBallGridBeat.swift */,
				75B522471D9B533B009825AD /* NVActivityIndicatorAnimationBallGridPulse.swift */,
				75B522481D9B533B009825AD /* NVActivityIndicatorAnimationBallPulse.swift */,
				75B522491D9B533B009825AD /* NVActivityIndicatorAnimationBallPulseRise.swift */,
				75B5224A1D9B533B009825AD /* NVActivityIndicatorAnimationBallPulseSync.swift */,
				75B5224B1D9B533B009825AD /* NVActivityIndicatorAnimationBallRotate.swift */,
				75B5224C1D9B533B009825AD /* NVActivityIndicatorAnimationBallRotateChase.swift */,
				75B5224D1D9B533B009825AD /* NVActivityIndicatorAnimationBallScale.swift */,
				75B5224E1D9B533B009825AD /* NVActivityIndicatorAnimationBallScaleMultiple.swift */,
				75B5224F1D9B533B009825AD /* NVActivityIndicatorAnimationBallScaleRipple.swift */,
				75B522501D9B533B009825AD /* NVActivityIndicatorAnimationBallScaleRippleMultiple.swift */,
				75B522511D9B533B009825AD /* NVActivityIndicatorAnimationBallSpinFadeLoader.swift */,
				75B522521D9B533B009825AD /* NVActivityIndicatorAnimationBallTrianglePath.swift */,
				75B522531D9B533B009825AD /* NVActivityIndicatorAnimationBallZigZag.swift */,
				75B522541D9B533B009825AD /* NVActivityIndicatorAnimationBallZigZagDeflect.swift */,
				75B522551D9B533B009825AD /* NVActivityIndicatorAnimationBlank.swift */,
				75B522561D9B533B009825AD /* NVActivityIndicatorAnimationCubeTransition.swift */,
				75B522571D9B533B009825AD /* NVActivityIndicatorAnimationLineScale.swift */,
				75B522581D9B533B009825AD /* NVActivityIndicatorAnimationLineScaleParty.swift */,
				75B522591D9B533B009825AD /* NVActivityIndicatorAnimationLineScalePulseOut.swift */,
				75B5225A1D9B533B009825AD /* NVActivityIndicatorAnimationLineScalePulseOutRapid.swift */,
				75B5225B1D9B533B009825AD /* NVActivityIndicatorAnimationLineSpinFadeLoader.swift */,
				75B5225C1D9B533B009825AD /* NVActivityIndicatorAnimationOrbit.swift */,
				75B5225D1D9B533B009825AD /* NVActivityIndicatorAnimationPacman.swift */,
				75B5225E1D9B533B009825AD /* NVActivityIndicatorAnimationSemiCircleSpin.swift */,
				75B5225F1D9B533B009825AD /* NVActivityIndicatorAnimationSquareSpin.swift */,
				75B522601D9B533B009825AD /* NVActivityIndicatorAnimationTriangleSkewSpin.swift */,
			);
			path = Animations;
			sourceTree = "<group>";
		};
		D9EBAFA611450C65962D330D /* Frameworks */ = {
			isa = PBXGroup;
			children = (
				DFFF4B32E6A6A340C29B6A99 /* Pods_Kilargo.framework */,
			);
			name = Frameworks;
			sourceTree = "<group>";
		};
/* End PBXGroup section */

/* Begin PBXNativeTarget section */
		756A15261DDBE25B001D4D33 /* KilargoTests */ = {
			isa = PBXNativeTarget;
			buildConfigurationList = 756A15301DDBE25B001D4D33 /* Build configuration list for PBXNativeTarget "KilargoTests" */;
			buildPhases = (
				756A15231DDBE25B001D4D33 /* Sources */,
				756A15241DDBE25B001D4D33 /* Frameworks */,
				756A15251DDBE25B001D4D33 /* Resources */,
			);
			buildRules = (
			);
			dependencies = (
				756A152D1DDBE25B001D4D33 /* PBXTargetDependency */,
			);
			name = KilargoTests;
			productName = KilargoTests;
			productReference = 756A15271DDBE25B001D4D33 /* KilargoTests.xctest */;
			productType = "com.apple.product-type.bundle.unit-test";
		};
		756E13A01D9B1E2600540A39 /* Kilargo */ = {
			isa = PBXNativeTarget;
			buildConfigurationList = 756E13B31D9B1E2600540A39 /* Build configuration list for PBXNativeTarget "Kilargo" */;
			buildPhases = (
				62942EF783C152DA6DB2D20B /* [CP] Check Pods Manifest.lock */,
				756E139D1D9B1E2600540A39 /* Sources */,
				756E139E1D9B1E2600540A39 /* Frameworks */,
				756E139F1D9B1E2600540A39 /* Resources */,
				5DE677E8E26B3B79C47E3E10 /* [CP] Embed Pods Frameworks */,
				DD7498143CD602D2A03EFB80 /* [CP] Copy Pods Resources */,
			);
			buildRules = (
			);
			dependencies = (
			);
			name = Kilargo;
			productName = Kilargo;
			productReference = 756E13A11D9B1E2600540A39 /* Kilargo.app */;
			productType = "com.apple.product-type.application";
		};
/* End PBXNativeTarget section */

/* Begin PBXProject section */
		756E13991D9B1E2600540A39 /* Project object */ = {
			isa = PBXProject;
			attributes = {
				LastSwiftUpdateCheck = 0810;
				LastUpgradeCheck = 0800;
				ORGANIZATIONNAME = internetics;
				TargetAttributes = {
					756A15261DDBE25B001D4D33 = {
						CreatedOnToolsVersion = 8.1;
						ProvisioningStyle = Automatic;
						TestTargetID = 756E13A01D9B1E2600540A39;
					};
					756E13A01D9B1E2600540A39 = {
						CreatedOnToolsVersion = 8.0;
						DevelopmentTeam = Y8HQA4YE8L;
						LastSwiftMigration = 0800;
						ProvisioningStyle = Automatic;
					};
				};
			};
			buildConfigurationList = 756E139C1D9B1E2600540A39 /* Build configuration list for PBXProject "Kilargo" */;
			compatibilityVersion = "Xcode 3.2";
			developmentRegion = English;
			hasScannedForEncodings = 0;
			knownRegions = (
				en,
				Base,
			);
			mainGroup = 756E13981D9B1E2600540A39;
			productRefGroup = 756E13A21D9B1E2600540A39 /* Products */;
			projectDirPath = "";
			projectRoot = "";
			targets = (
				756E13A01D9B1E2600540A39 /* Kilargo */,
				756A15261DDBE25B001D4D33 /* KilargoTests */,
			);
		};
/* End PBXProject section */

/* Begin PBXResourcesBuildPhase section */
		756A15251DDBE25B001D4D33 /* Resources */ = {
			isa = PBXResourcesBuildPhase;
			buildActionMask = 2147483647;
			files = (
			);
			runOnlyForDeploymentPostprocessing = 0;
		};
		756E139F1D9B1E2600540A39 /* Resources */ = {
			isa = PBXResourcesBuildPhase;
			buildActionMask = 2147483647;
			files = (
				756E13AF1D9B1E2600540A39 /* AboutApp.storyboard in Resources */,
				757293EB1D9C8A7400671CB2 /* DropdownSearchResultCell.xib in Resources */,
				7591D6EA1D9B58FF00972087 /* SearchResultCell.xib in Resources */,
				7538BE671DF0F8D2009A12A7 /* Launcher.storyboard in Resources */,
				756E13AA1D9B1E2600540A39 /* Main.storyboard in Resources */,
				75F7B5D21DACA2B30071DB8A /* Assets.xcassets in Resources */,
				75B522881D9B533B009825AD /* Info.plist in Resources */,
				757293EF1D9CD00D00671CB2 /* InfoDialogCell.xib in Resources */,
			);
			runOnlyForDeploymentPostprocessing = 0;
		};
/* End PBXResourcesBuildPhase section */

/* Begin PBXShellScriptBuildPhase section */
		5DE677E8E26B3B79C47E3E10 /* [CP] Embed Pods Frameworks */ = {
			isa = PBXShellScriptBuildPhase;
			buildActionMask = 2147483647;
			files = (
			);
			inputPaths = (
			);
			name = "[CP] Embed Pods Frameworks";
			outputPaths = (
			);
			runOnlyForDeploymentPostprocessing = 0;
			shellPath = /bin/sh;
			shellScript = "\"${SRCROOT}/Pods/Target Support Files/Pods-Kilargo/Pods-Kilargo-frameworks.sh\"\n";
			showEnvVarsInLog = 0;
		};
		62942EF783C152DA6DB2D20B /* [CP] Check Pods Manifest.lock */ = {
			isa = PBXShellScriptBuildPhase;
			buildActionMask = 2147483647;
			files = (
			);
			inputPaths = (
			);
			name = "[CP] Check Pods Manifest.lock";
			outputPaths = (
			);
			runOnlyForDeploymentPostprocessing = 0;
			shellPath = /bin/sh;
			shellScript = "diff \"${PODS_ROOT}/../Podfile.lock\" \"${PODS_ROOT}/Manifest.lock\" > /dev/null\nif [ $? != 0 ] ; then\n    # print error to STDERR\n    echo \"error: The sandbox is not in sync with the Podfile.lock. Run 'pod install' or update your CocoaPods installation.\" >&2\n    exit 1\nfi\n";
			showEnvVarsInLog = 0;
		};
		DD7498143CD602D2A03EFB80 /* [CP] Copy Pods Resources */ = {
			isa = PBXShellScriptBuildPhase;
			buildActionMask = 2147483647;
			files = (
			);
			inputPaths = (
			);
			name = "[CP] Copy Pods Resources";
			outputPaths = (
			);
			runOnlyForDeploymentPostprocessing = 0;
			shellPath = /bin/sh;
			shellScript = "\"${SRCROOT}/Pods/Target Support Files/Pods-Kilargo/Pods-Kilargo-resources.sh\"\n";
			showEnvVarsInLog = 0;
		};
/* End PBXShellScriptBuildPhase section */

/* Begin PBXSourcesBuildPhase section */
		756A15231DDBE25B001D4D33 /* Sources */ = {
			isa = PBXSourcesBuildPhase;
			buildActionMask = 2147483647;
			files = (
				756A152A1DDBE25B001D4D33 /* KilargoTests.swift in Sources */,
			);
			runOnlyForDeploymentPostprocessing = 0;
		};
		756E139D1D9B1E2600540A39 /* Sources */ = {
			isa = PBXSourcesBuildPhase;
			buildActionMask = 2147483647;
			files = (
				7591D6E71D9B58FF00972087 /* SubMenuItemCell.swift in Sources */,
				75B5226D1D9B533B009825AD /* NVActivityIndicatorAnimationBallGridBeat.swift in Sources */,
				75B522781D9B533B009825AD /* NVActivityIndicatorAnimationBallSpinFadeLoader.swift in Sources */,
				75B522801D9B533B009825AD /* NVActivityIndicatorAnimationLineScalePulseOut.swift in Sources */,
				7591D6EC1D9B590000972087 /* UIView+Rounded.swift in Sources */,
				7591D6E91D9B58FF00972087 /* SearchResultCell.swift in Sources */,
				75B5227C1D9B533B009825AD /* NVActivityIndicatorAnimationBlank.swift in Sources */,
				75B5226B1D9B533B009825AD /* NVActivityIndicatorAnimationBallClipRotateMultiple.swift in Sources */,
				7591D6C71D9B586100972087 /* Product.swift in Sources */,
				7591D6B81D9B583100972087 /* ExSlideMenuController.swift in Sources */,
				75B522741D9B533B009825AD /* NVActivityIndicatorAnimationBallScale.swift in Sources */,
				7591D6C51D9B586100972087 /* JsonFetcher.swift in Sources */,
				75B5228B1D9B533B009825AD /* NVActivityIndicatorShape.swift in Sources */,
				7591D6C61D9B586100972087 /* Category.swift in Sources */,
				75B522851D9B533B009825AD /* NVActivityIndicatorAnimationSemiCircleSpin.swift in Sources */,
				75B522861D9B533B009825AD /* NVActivityIndicatorAnimationSquareSpin.swift in Sources */,
				75B5227A1D9B533B009825AD /* NVActivityIndicatorAnimationBallZigZag.swift in Sources */,
				75B5226E1D9B533B009825AD /* NVActivityIndicatorAnimationBallGridPulse.swift in Sources */,
				7591D6DD1D9B58FF00972087 /* BaseViewController.swift in Sources */,
				7591D6BD1D9B583100972087 /* ProductViewController.swift in Sources */,
				7591D6DF1D9B58FF00972087 /* UIApplicationExtension.swift in Sources */,
				75B5228A1D9B533B009825AD /* NVActivityIndicatorPresenter.swift in Sources */,
				75B5226C1D9B533B009825AD /* NVActivityIndicatorAnimationBallClipRotatePulse.swift in Sources */,
				75B5226F1D9B533B009825AD /* NVActivityIndicatorAnimationBallPulse.swift in Sources */,
				75B522681D9B533B009825AD /* NVActivityIndicatorAnimationAudioEqualizer.swift in Sources */,
				75B5227F1D9B533B009825AD /* NVActivityIndicatorAnimationLineScaleParty.swift in Sources */,
				7591D6BE1D9B583100972087 /* SettingViewController.swift in Sources */,
				7591D6B91D9B583100972087 /* HomeViewController.swift in Sources */,
				75B522761D9B533B009825AD /* NVActivityIndicatorAnimationBallScaleRipple.swift in Sources */,
				75B522751D9B533B009825AD /* NVActivityIndicatorAnimationBallScaleMultiple.swift in Sources */,
				756E13A51D9B1E2600540A39 /* AppDelegate.swift in Sources */,
				75B522691D9B533B009825AD /* NVActivityIndicatorAnimationBallBeat.swift in Sources */,
				7591D6B71D9B583100972087 /* CarouselImageViewController.swift in Sources */,
				7591D6B61D9B583100972087 /* AboutViewController.swift in Sources */,
				7591D6E81D9B58FF00972087 /* PullToRefreshBeatAnimator.swift in Sources */,
				757293EE1D9CD00D00671CB2 /* InfoDialogCell.swift in Sources */,
				7591D6E31D9B58FF00972087 /* Global.swift in Sources */,
				75B522711D9B533B009825AD /* NVActivityIndicatorAnimationBallPulseSync.swift in Sources */,
				757293EA1D9C8A7400671CB2 /* DropdownSearchResultCell.swift in Sources */,
				75B522721D9B533B009825AD /* NVActivityIndicatorAnimationBallRotate.swift in Sources */,
				7591D6DE1D9B58FF00972087 /* StringExtension.swift in Sources */,
				7591D6C81D9B586100972087 /* SubCategory.swift in Sources */,
				75B522891D9B533B009825AD /* NVActivityIndicatorAnimationDelegate.swift in Sources */,
				75B5228D1D9B533B009825AD /* NVActivityIndicatorViewable.swift in Sources */,
				7591D6EB1D9B590000972087 /* UIButton.swift in Sources */,
				75B522701D9B533B009825AD /* NVActivityIndicatorAnimationBallPulseRise.swift in Sources */,
				75B5227E1D9B533B009825AD /* NVActivityIndicatorAnimationLineScale.swift in Sources */,
				7591D6E41D9B58FF00972087 /* CarouselCollectionViewCell.swift in Sources */,
				7591D6BB1D9B583100972087 /* MainViewController.swift in Sources */,
				75B5227D1D9B533B009825AD /* NVActivityIndicatorAnimationCubeTransition.swift in Sources */,
				75B522841D9B533B009825AD /* NVActivityIndicatorAnimationPacman.swift in Sources */,
				7591D6E11D9B58FF00972087 /* UITableViewExtension.swift in Sources */,
				75B5227B1D9B533B009825AD /* NVActivityIndicatorAnimationBallZigZagDeflect.swift in Sources */,
				7591D6E21D9B58FF00972087 /* UIViewControllerExtension.swift in Sources */,
				7591D6E01D9B58FF00972087 /* UIColorExtension.swift in Sources */,
				75B522731D9B533B009825AD /* NVActivityIndicatorAnimationBallRotateChase.swift in Sources */,
				75B5226A1D9B533B009825AD /* NVActivityIndicatorAnimationBallClipRotate.swift in Sources */,
				7591D6BA1D9B583100972087 /* LeftViewController.swift in Sources */,
				7591D6BC1D9B583100972087 /* ProductDesViewController.swift in Sources */,
				75B522831D9B533B009825AD /* NVActivityIndicatorAnimationOrbit.swift in Sources */,
				75B522791D9B533B009825AD /* NVActivityIndicatorAnimationBallTrianglePath.swift in Sources */,
				75B522811D9B533B009825AD /* NVActivityIndicatorAnimationLineScalePulseOutRapid.swift in Sources */,
				75B522871D9B533B009825AD /* NVActivityIndicatorAnimationTriangleSkewSpin.swift in Sources */,
				75B522771D9B533B009825AD /* NVActivityIndicatorAnimationBallScaleRippleMultiple.swift in Sources */,
				7591D6E61D9B58FF00972087 /* MenuItemCell.swift in Sources */,
				75B5228C1D9B533B009825AD /* NVActivityIndicatorView.swift in Sources */,
				7591D6BF1D9B583100972087 /* SubViewController.swift in Sources */,
				75B522821D9B533B009825AD /* NVActivityIndicatorAnimationLineSpinFadeLoader.swift in Sources */,
				7591D6E51D9B58FF00972087 /* LeftTableViewCell.swift in Sources */,
			);
			runOnlyForDeploymentPostprocessing = 0;
		};
/* End PBXSourcesBuildPhase section */

/* Begin PBXTargetDependency section */
		756A152D1DDBE25B001D4D33 /* PBXTargetDependency */ = {
			isa = PBXTargetDependency;
			target = 756E13A01D9B1E2600540A39 /* Kilargo */;
			targetProxy = 756A152C1DDBE25B001D4D33 /* PBXContainerItemProxy */;
		};
/* End PBXTargetDependency section */

/* Begin PBXVariantGroup section */
		7538BE651DF0F8D2009A12A7 /* Launcher.storyboard */ = {
			isa = PBXVariantGroup;
			children = (
				7538BE661DF0F8D2009A12A7 /* Base */,
			);
			name = Launcher.storyboard;
			sourceTree = "<group>";
		};
		756E13A81D9B1E2600540A39 /* Main.storyboard */ = {
			isa = PBXVariantGroup;
			children = (
				756E13A91D9B1E2600540A39 /* Base */,
			);
			name = Main.storyboard;
			sourceTree = "<group>";
		};
		756E13AD1D9B1E2600540A39 /* AboutApp.storyboard */ = {
			isa = PBXVariantGroup;
			children = (
				756E13AE1D9B1E2600540A39 /* Base */,
			);
			name = AboutApp.storyboard;
			sourceTree = "<group>";
		};
/* End PBXVariantGroup section */

/* Begin XCBuildConfiguration section */
		756A152E1DDBE25B001D4D33 /* Debug */ = {
			isa = XCBuildConfiguration;
			buildSettings = {
				BUNDLE_LOADER = "$(TEST_HOST)";
				INFOPLIST_FILE = KilargoTests/Info.plist;
				IPHONEOS_DEPLOYMENT_TARGET = 10.1;
				LD_RUNPATH_SEARCH_PATHS = "$(inherited) @executable_path/Frameworks @loader_path/Frameworks";
				PRODUCT_BUNDLE_IDENTIFIER = com.internetics.KilargoTests;
				PRODUCT_NAME = "$(TARGET_NAME)";
				SWIFT_VERSION = 3.0;
				TEST_HOST = "$(BUILT_PRODUCTS_DIR)/Kilargo.app/Kilargo";
			};
			name = Debug;
		};
		756A152F1DDBE25B001D4D33 /* Release */ = {
			isa = XCBuildConfiguration;
			buildSettings = {
				BUNDLE_LOADER = "$(TEST_HOST)";
				INFOPLIST_FILE = KilargoTests/Info.plist;
				IPHONEOS_DEPLOYMENT_TARGET = 10.1;
				LD_RUNPATH_SEARCH_PATHS = "$(inherited) @executable_path/Frameworks @loader_path/Frameworks";
				PRODUCT_BUNDLE_IDENTIFIER = com.internetics.KilargoTests;
				PRODUCT_NAME = "$(TARGET_NAME)";
				SWIFT_VERSION = 3.0;
				TEST_HOST = "$(BUILT_PRODUCTS_DIR)/Kilargo.app/Kilargo";
			};
			name = Release;
		};
		756E13B11D9B1E2600540A39 /* Debug */ = {
			isa = XCBuildConfiguration;
			buildSettings = {
				ALWAYS_SEARCH_USER_PATHS = NO;
				CLANG_ANALYZER_NONNULL = YES;
				CLANG_CXX_LANGUAGE_STANDARD = "gnu++0x";
				CLANG_CXX_LIBRARY = "libc++";
				CLANG_ENABLE_MODULES = YES;
				CLANG_ENABLE_OBJC_ARC = YES;
				CLANG_WARN_BOOL_CONVERSION = YES;
				CLANG_WARN_CONSTANT_CONVERSION = YES;
				CLANG_WARN_DIRECT_OBJC_ISA_USAGE = YES_ERROR;
				CLANG_WARN_DOCUMENTATION_COMMENTS = YES;
				CLANG_WARN_EMPTY_BODY = YES;
				CLANG_WARN_ENUM_CONVERSION = YES;
				CLANG_WARN_INFINITE_RECURSION = YES;
				CLANG_WARN_INT_CONVERSION = YES;
				CLANG_WARN_OBJC_ROOT_CLASS = YES_ERROR;
				CLANG_WARN_SUSPICIOUS_MOVE = YES;
				CLANG_WARN_SUSPICIOUS_MOVES = YES;
				CLANG_WARN_UNREACHABLE_CODE = YES;
				CLANG_WARN__DUPLICATE_METHOD_MATCH = YES;
				"CODE_SIGN_IDENTITY[sdk=iphoneos*]" = "iPhone Developer";
				COPY_PHASE_STRIP = NO;
				DEBUG_INFORMATION_FORMAT = dwarf;
				ENABLE_STRICT_OBJC_MSGSEND = YES;
				ENABLE_TESTABILITY = YES;
				GCC_C_LANGUAGE_STANDARD = gnu99;
				GCC_DYNAMIC_NO_PIC = NO;
				GCC_NO_COMMON_BLOCKS = YES;
				GCC_OPTIMIZATION_LEVEL = 0;
				GCC_PREPROCESSOR_DEFINITIONS = (
					"DEBUG=1",
					"$(inherited)",
				);
				GCC_WARN_64_TO_32_BIT_CONVERSION = YES;
				GCC_WARN_ABOUT_RETURN_TYPE = YES_ERROR;
				GCC_WARN_UNDECLARED_SELECTOR = YES;
				GCC_WARN_UNINITIALIZED_AUTOS = YES_AGGRESSIVE;
				GCC_WARN_UNUSED_FUNCTION = YES;
				GCC_WARN_UNUSED_VARIABLE = YES;
				IPHONEOS_DEPLOYMENT_TARGET = 9.0;
				MTL_ENABLE_DEBUG_INFO = YES;
				ONLY_ACTIVE_ARCH = YES;
				SDKROOT = iphoneos;
				SWIFT_ACTIVE_COMPILATION_CONDITIONS = DEBUG;
				SWIFT_OPTIMIZATION_LEVEL = "-Onone";
				TARGETED_DEVICE_FAMILY = "1,2";
			};
			name = Debug;
		};
		756E13B21D9B1E2600540A39 /* Release */ = {
			isa = XCBuildConfiguration;
			buildSettings = {
				ALWAYS_SEARCH_USER_PATHS = NO;
				CLANG_ANALYZER_NONNULL = YES;
				CLANG_CXX_LANGUAGE_STANDARD = "gnu++0x";
				CLANG_CXX_LIBRARY = "libc++";
				CLANG_ENABLE_MODULES = YES;
				CLANG_ENABLE_OBJC_ARC = YES;
				CLANG_WARN_BOOL_CONVERSION = YES;
				CLANG_WARN_CONSTANT_CONVERSION = YES;
				CLANG_WARN_DIRECT_OBJC_ISA_USAGE = YES_ERROR;
				CLANG_WARN_DOCUMENTATION_COMMENTS = YES;
				CLANG_WARN_EMPTY_BODY = YES;
				CLANG_WARN_ENUM_CONVERSION = YES;
				CLANG_WARN_INFINITE_RECURSION = YES;
				CLANG_WARN_INT_CONVERSION = YES;
				CLANG_WARN_OBJC_ROOT_CLASS = YES_ERROR;
				CLANG_WARN_SUSPICIOUS_MOVE = YES;
				CLANG_WARN_SUSPICIOUS_MOVES = YES;
				CLANG_WARN_UNREACHABLE_CODE = YES;
				CLANG_WARN__DUPLICATE_METHOD_MATCH = YES;
				"CODE_SIGN_IDENTITY[sdk=iphoneos*]" = "iPhone Developer";
				COPY_PHASE_STRIP = NO;
				DEBUG_INFORMATION_FORMAT = "dwarf-with-dsym";
				ENABLE_NS_ASSERTIONS = NO;
				ENABLE_STRICT_OBJC_MSGSEND = YES;
				GCC_C_LANGUAGE_STANDARD = gnu99;
				GCC_NO_COMMON_BLOCKS = YES;
				GCC_WARN_64_TO_32_BIT_CONVERSION = YES;
				GCC_WARN_ABOUT_RETURN_TYPE = YES_ERROR;
				GCC_WARN_UNDECLARED_SELECTOR = YES;
				GCC_WARN_UNINITIALIZED_AUTOS = YES_AGGRESSIVE;
				GCC_WARN_UNUSED_FUNCTION = YES;
				GCC_WARN_UNUSED_VARIABLE = YES;
				IPHONEOS_DEPLOYMENT_TARGET = 9.0;
				MTL_ENABLE_DEBUG_INFO = NO;
				SDKROOT = iphoneos;
				SWIFT_OPTIMIZATION_LEVEL = "-Owholemodule";
				TARGETED_DEVICE_FAMILY = "1,2";
				VALIDATE_PRODUCT = YES;
			};
			name = Release;
		};
		756E13B41D9B1E2600540A39 /* Debug */ = {
			isa = XCBuildConfiguration;
			baseConfigurationReference = B846E857F10D6855F658B373 /* Pods-Kilargo.debug.xcconfig */;
			buildSettings = {
				ALWAYS_EMBED_SWIFT_STANDARD_LIBRARIES = "$(inherited)";
				ASSETCATALOG_COMPILER_APPICON_NAME = AppIcon;
				CODE_SIGN_IDENTITY = "iPhone Developer";
				"CODE_SIGN_IDENTITY[sdk=iphoneos*]" = "iPhone Developer";
				DEVELOPMENT_TEAM = Y8HQA4YE8L;
				INFOPLIST_FILE = Kilargo/Info.plist;
				LD_RUNPATH_SEARCH_PATHS = "$(inherited) @executable_path/Frameworks";
				ONLY_ACTIVE_ARCH = YES;
				OTHER_LDFLAGS = (
					"-framework",
					"\"Alamofire\"",
					"-framework",
					"\"AlamofireObjectMapper\"",
					"-framework",
					"\"DropDown\"",
					"-framework",
					"\"Kingfisher\"",
					"-framework",
					"\"ObjectMapper\"",
					"-framework",
					"\"ReachabilitySwift\"",
					"-framework",
					"\"Refresher\"",
					"-framework",
					"\"SCLAlertView\"",
					"-framework",
					"\"SlideMenuControllerSwift\"",
					"-framework",
					"\"SnapKit\"",
					"-framework",
					"\"SwiftyJSON\"",
					"$(inherited)",
				);
				PRODUCT_BUNDLE_IDENTIFIER = com.internetics.Kilargo;
				PRODUCT_NAME = "$(TARGET_NAME)";
				SWIFT_VERSION = 3.0;
			};
			name = Debug;
		};
		756E13B51D9B1E2600540A39 /* Release */ = {
			isa = XCBuildConfiguration;
			baseConfigurationReference = 66E258190DAEC5DD0C5D4742 /* Pods-Kilargo.release.xcconfig */;
			buildSettings = {
				ALWAYS_EMBED_SWIFT_STANDARD_LIBRARIES = "$(inherited)";
				ASSETCATALOG_COMPILER_APPICON_NAME = AppIcon;
				CODE_SIGN_IDENTITY = "iPhone Developer";
				"CODE_SIGN_IDENTITY[sdk=iphoneos*]" = "iPhone Developer";
				DEVELOPMENT_TEAM = Y8HQA4YE8L;
				INFOPLIST_FILE = Kilargo/Info.plist;
				LD_RUNPATH_SEARCH_PATHS = "$(inherited) @executable_path/Frameworks";
				OTHER_LDFLAGS = (
					"-framework",
					"\"Alamofire\"",
					"-framework",
					"\"AlamofireObjectMapper\"",
					"-framework",
					"\"DropDown\"",
					"-framework",
					"\"Kingfisher\"",
					"-framework",
					"\"ObjectMapper\"",
					"-framework",
					"\"ReachabilitySwift\"",
					"-framework",
					"\"Refresher\"",
					"-framework",
					"\"SCLAlertView\"",
					"-framework",
					"\"SlideMenuControllerSwift\"",
					"-framework",
					"\"SnapKit\"",
					"-framework",
					"\"SwiftyJSON\"",
					"$(inherited)",
				);
				PRODUCT_BUNDLE_IDENTIFIER = com.internetics.Kilargo;
				PRODUCT_NAME = "$(TARGET_NAME)";
				SWIFT_VERSION = 3.0;
			};
			name = Release;
		};
/* End XCBuildConfiguration section */

/* Begin XCConfigurationList section */
		756A15301DDBE25B001D4D33 /* Build configuration list for PBXNativeTarget "KilargoTests" */ = {
			isa = XCConfigurationList;
			buildConfigurations = (
				756A152E1DDBE25B001D4D33 /* Debug */,
				756A152F1DDBE25B001D4D33 /* Release */,
			);
			defaultConfigurationIsVisible = 0;
			defaultConfigurationName = Release;
		};
		756E139C1D9B1E2600540A39 /* Build configuration list for PBXProject "Kilargo" */ = {
			isa = XCConfigurationList;
			buildConfigurations = (
				756E13B11D9B1E2600540A39 /* Debug */,
				756E13B21D9B1E2600540A39 /* Release */,
			);
			defaultConfigurationIsVisible = 0;
			defaultConfigurationName = Release;
		};
		756E13B31D9B1E2600540A39 /* Build configuration list for PBXNativeTarget "Kilargo" */ = {
			isa = XCConfigurationList;
			buildConfigurations = (
				756E13B41D9B1E2600540A39 /* Debug */,
				756E13B51D9B1E2600540A39 /* Release */,
			);
			defaultConfigurationIsVisible = 0;
			defaultConfigurationName = Release;
		};
/* End XCConfigurationList section */
	};
	rootObject = 756E13991D9B1E2600540A39 /* Project object */;
}
